PODS:
  - AFNetworking (3.2.1):
    - AFNetworking/NSURLSession (= 3.2.1)
    - AFNetworking/Reachability (= 3.2.1)
    - AFNetworking/Security (= 3.2.1)
    - AFNetworking/Serialization (= 3.2.1)
    - AFNetworking/UIKit (= 3.2.1)
  - AFNetworking/NSURLSession (3.2.1):
    - AFNetworking/Reachability
    - AFNetworking/Security
    - AFNetworking/Serialization
  - AFNetworking/Reachability (3.2.1)
  - AFNetworking/Security (3.2.1)
  - AFNetworking/Serialization (3.2.1)
  - AFNetworking/UIKit (3.2.1):
    - AFNetworking/NSURLSession
  - lottie-ios (2.5.3)
  - Masonry (1.1.0)
  - SocketRocket (0.5.1)

DEPENDENCIES:
  - AFNetworking (from `https://github.com/AFNetworking/AFNetworking.git`)
  - lottie-ios (from `https://github.com/airbnb/lottie-ios.git`, branch `objectiveC`)
  - Masonry (from `https://github.com/SnapKit/Masonry.git`, branch `master`)
  - SocketRocket (from `https://github.com/facebook/SocketRocket.git`)

EXTERNAL SOURCES:
  AFNetworking:
    :git: https://github.com/AFNetworking/AFNetworking.git
  lottie-ios:
    :branch: objectiveC
    :git: https://github.com/airbnb/lottie-ios.git
  Masonry:
    :branch: master
    :git: https://github.com/SnapKit/Masonry.git
  SocketRocket:
    :git: https://github.com/facebook/SocketRocket.git

CHECKOUT OPTIONS:
  AFNetworking:
    :commit: 685e31a31bb1ebce3fdb5a752e392dfd8263e169
    :git: https://github.com/AFNetworking/AFNetworking.git
  lottie-ios:
    :commit: a7de66519254e02baf395fbe90d1d811ee6e0409
    :git: https://github.com/airbnb/lottie-ios.git
  Masonry:
    :commit: 8bd77ea92bbe995e14c454f821200b222e5a8804
    :git: https://github.com/SnapKit/Masonry.git
  SocketRocket:
    :commit: 0a023409b138039d1ab5ac5431fe61c5f334e86b
    :git: https://github.com/facebook/SocketRocket.git

SPEC CHECKSUMS:
  AFNetworking: ef6403a1383e5a6fa4ca961d7d524b1898ce0a84
  lottie-ios: a50d5c0160425cd4b01b852bb9578963e6d92d31
  Masonry: 678fab65091a9290e40e2832a55e7ab731aad201
  SocketRocket: dbb1554b8fc288ef8ef370d6285aeca7361be31e

PODFILE CHECKSUM: a6c13f6f179eb8dc24b6b51bc21ff59d023f24a7

COCOAPODS: 1.5.3
