PODS:
  - AFNetworking (3.2.1):
    - AFNetworking/NSURLSession (= 3.2.1)
    - AFNetworking/Reachability (= 3.2.1)
    - AFNetworking/Security (= 3.2.1)
    - AFNetworking/Serialization (= 3.2.1)
    - AFNetworking/UIKit (= 3.2.1)
  - AFNetworking/NSURLSession (3.2.1):
    - AFNetworking/Reachability
    - AFNetworking/Security
    - AFNetworking/Serialization
  - AFNetworking/Reachability (3.2.1)
  - AFNetworking/Security (3.2.1)
  - AFNetworking/Serialization (3.2.1)
  - AFNetworking/UIKit (3.2.1):
    - AFNetworking/NSURLSession
  - lottie-ios (2.5.3)
  - Masonry (1.1.0)
  - SocketRocket (0.5.1)
  - YYModel (1.0.4)

DEPENDENCIES:
  - AFNetworking (from `./DevelopDeps/AFNetworking`)
  - lottie-ios (from `./DevelopDeps/lottie-ios`)
  - Masonry (from `./DevelopDeps/Masonry`)
  - SocketRocket (from `./DevelopDeps/SocketRocket`)
  - YYModel (from `./DevelopDeps/YYModel`)

EXTERNAL SOURCES:
  AFNetworking:
    :path: "./DevelopDeps/AFNetworking"
  lottie-ios:
    :path: "./DevelopDeps/lottie-ios"
  Masonry:
    :path: "./DevelopDeps/Masonry"
  SocketRocket:
    :path: "./DevelopDeps/SocketRocket"
  YYModel:
    :path: "./DevelopDeps/YYModel"

SPEC CHECKSUMS:
  AFNetworking: ef6403a1383e5a6fa4ca961d7d524b1898ce0a84
  lottie-ios: a50d5c0160425cd4b01b852bb9578963e6d92d31
  Masonry: 678fab65091a9290e40e2832a55e7ab731aad201
  SocketRocket: dbb1554b8fc288ef8ef370d6285aeca7361be31e
  YYModel: 3e4d6ace311d17732e44c1e0140c4cec46b75b15

PODFILE CHECKSUM: 688b17761da2e757f95f572c099c84e55017391f

COCOAPODS: 1.9.1
