// !$*UTF8*$!
{
	archiveVersion = 1;
	classes = {
	};
	objectVersion = 46;
	objects = {

/* Begin PBXBuildFile section */
		71630ED61DF56585002F4D0A /* main.m in Sources */ = {isa = PBXBuildFile; fileRef = 71630ED51DF56585002F4D0A /* main.m */; };
		71630ED91DF56585002F4D0A /* AppDelegate.m in Sources */ = {isa = PBXBuildFile; fileRef = 71630ED81DF56585002F4D0A /* AppDelegate.m */; };
		71630EE11DF56586002F4D0A /* Assets.xcassets in Resources */ = {isa = PBXBuildFile; fileRef = 71630EE01DF56586002F4D0A /* Assets.xcassets */; };
		71630EEF1DF56586002F4D0A /* AnimationDemoTests.m in Sources */ = {isa = PBXBuildFile; fileRef = 71630EEE1DF56586002F4D0A /* AnimationDemoTests.m */; };
		71630EFA1DF56586002F4D0A /* AnimationDemoUITests.m in Sources */ = {isa = PBXBuildFile; fileRef = 71630EF91DF56586002F4D0A /* AnimationDemoUITests.m */; };
		71DFB8AB1E0D2DDB00DFAE63 /* MainViewController.m in Sources */ = {isa = PBXBuildFile; fileRef = 71DFB8AA1E0D2DDB00DFAE63 /* MainViewController.m */; };
		71DFB8AE1E0FB46700DFAE63 /* icon_balloon.png in Resources */ = {isa = PBXBuildFile; fileRef = 71DFB8AC1E0FB46700DFAE63 /* icon_balloon.png */; };
		71DFB8CF1E10C92200DFAE63 /* ClockViewController.m in Sources */ = {isa = PBXBuildFile; fileRef = 71DFB8CC1E10C92200DFAE63 /* ClockViewController.m */; };
		71DFB8D01E10C92200DFAE63 /* LoginViewController.m in Sources */ = {isa = PBXBuildFile; fileRef = 71DFB8CE1E10C92200DFAE63 /* LoginViewController.m */; };
		71DFB8D51E10F42400DFAE63 /* FRTextField.m in Sources */ = {isa = PBXBuildFile; fileRef = 71DFB8D41E10F42400DFAE63 /* FRTextField.m */; };
		71DFB8E21E112B3500DFAE63 /* FRLoginButton.m in Sources */ = {isa = PBXBuildFile; fileRef = 71DFB8E11E112B3500DFAE63 /* FRLoginButton.m */; };
		71DFB8E71E14B20200DFAE63 /* LoggedInViewController.m in Sources */ = {isa = PBXBuildFile; fileRef = 71DFB8E61E14B20200DFAE63 /* LoggedInViewController.m */; };
		71DFB8E91E14B9E800DFAE63 /* next_bg.jpg in Resources */ = {isa = PBXBuildFile; fileRef = 71DFB8E81E14B9E700DFAE63 /* next_bg.jpg */; };
		71DFB8ED1E14C0C900DFAE63 /* LoginCustomTransition.m in Sources */ = {isa = PBXBuildFile; fileRef = 71DFB8EC1E14C0C900DFAE63 /* LoginCustomTransition.m */; };
		EB64437D1E41CA276DB65907 /* libPods-AnimationDemo.a in Frameworks */ = {isa = PBXBuildFile; fileRef = AF1A1B18B3AE4EDE740BF642 /* libPods-AnimationDemo.a */; };
/* End PBXBuildFile section */

/* Begin PBXContainerItemProxy section */
		71630EEB1DF56586002F4D0A /* PBXContainerItemProxy */ = {
			isa = PBXContainerItemProxy;
			containerPortal = 71630EC91DF56585002F4D0A /* Project object */;
			proxyType = 1;
			remoteGlobalIDString = 71630ED01DF56585002F4D0A;
			remoteInfo = AnimationDemo;
		};
		71630EF61DF56586002F4D0A /* PBXContainerItemProxy */ = {
			isa = PBXContainerItemProxy;
			containerPortal = 71630EC91DF56585002F4D0A /* Project object */;
			proxyType = 1;
			remoteGlobalIDString = 71630ED01DF56585002F4D0A;
			remoteInfo = AnimationDemo;
		};
/* End PBXContainerItemProxy section */

/* Begin PBXFileReference section */
		234B705C465687C689077428 /* Pods-AnimationDemo.debug.xcconfig */ = {isa = PBXFileReference; includeInIndex = 1; lastKnownFileType = text.xcconfig; name = "Pods-AnimationDemo.debug.xcconfig"; path = "../Pods/Target Support Files/Pods-AnimationDemo/Pods-AnimationDemo.debug.xcconfig"; sourceTree = "<group>"; };
		71630ED11DF56585002F4D0A /* AnimationDemo.app */ = {isa = PBXFileReference; explicitFileType = wrapper.application; includeInIndex = 0; path = AnimationDemo.app; sourceTree = BUILT_PRODUCTS_DIR; };
		71630ED51DF56585002F4D0A /* main.m */ = {isa = PBXFileReference; lastKnownFileType = sourcecode.c.objc; path = main.m; sourceTree = "<group>"; };
		71630ED71DF56585002F4D0A /* AppDelegate.h */ = {isa = PBXFileReference; lastKnownFileType = sourcecode.c.h; path = AppDelegate.h; sourceTree = "<group>"; };
		71630ED81DF56585002F4D0A /* AppDelegate.m */ = {isa = PBXFileReference; lastKnownFileType = sourcecode.c.objc; path = AppDelegate.m; sourceTree = "<group>"; };
		71630EE01DF56586002F4D0A /* Assets.xcassets */ = {isa = PBXFileReference; lastKnownFileType = folder.assetcatalog; path = Assets.xcassets; sourceTree = "<group>"; };
		71630EE51DF56586002F4D0A /* Info.plist */ = {isa = PBXFileReference; lastKnownFileType = text.plist.xml; path = Info.plist; sourceTree = "<group>"; };
		71630EEA1DF56586002F4D0A /* AnimationDemoTests.xctest */ = {isa = PBXFileReference; explicitFileType = wrapper.cfbundle; includeInIndex = 0; path = AnimationDemoTests.xctest; sourceTree = BUILT_PRODUCTS_DIR; };
		71630EEE1DF56586002F4D0A /* AnimationDemoTests.m */ = {isa = PBXFileReference; lastKnownFileType = sourcecode.c.objc; path = AnimationDemoTests.m; sourceTree = "<group>"; };
		71630EF01DF56586002F4D0A /* Info.plist */ = {isa = PBXFileReference; lastKnownFileType = text.plist.xml; path = Info.plist; sourceTree = "<group>"; };
		71630EF51DF56586002F4D0A /* AnimationDemoUITests.xctest */ = {isa = PBXFileReference; explicitFileType = wrapper.cfbundle; includeInIndex = 0; path = AnimationDemoUITests.xctest; sourceTree = BUILT_PRODUCTS_DIR; };
		71630EF91DF56586002F4D0A /* AnimationDemoUITests.m */ = {isa = PBXFileReference; lastKnownFileType = sourcecode.c.objc; path = AnimationDemoUITests.m; sourceTree = "<group>"; };
		71630EFB1DF56586002F4D0A /* Info.plist */ = {isa = PBXFileReference; lastKnownFileType = text.plist.xml; path = Info.plist; sourceTree = "<group>"; };
		71DFB8A91E0D2DDB00DFAE63 /* MainViewController.h */ = {isa = PBXFileReference; fileEncoding = 4; lastKnownFileType = sourcecode.c.h; path = MainViewController.h; sourceTree = "<group>"; };
		71DFB8AA1E0D2DDB00DFAE63 /* MainViewController.m */ = {isa = PBXFileReference; fileEncoding = 4; lastKnownFileType = sourcecode.c.objc; path = MainViewController.m; sourceTree = "<group>"; };
		71DFB8AC1E0FB46700DFAE63 /* icon_balloon.png */ = {isa = PBXFileReference; lastKnownFileType = image.png; name = icon_balloon.png; path = Resources/icon_balloon.png; sourceTree = "<group>"; };
		71DFB8CB1E10C92200DFAE63 /* ClockViewController.h */ = {isa = PBXFileReference; fileEncoding = 4; lastKnownFileType = sourcecode.c.h; name = ClockViewController.h; path = Controllers/ClockViewController.h; sourceTree = "<group>"; };
		71DFB8CC1E10C92200DFAE63 /* ClockViewController.m */ = {isa = PBXFileReference; fileEncoding = 4; lastKnownFileType = sourcecode.c.objc; name = ClockViewController.m; path = Controllers/ClockViewController.m; sourceTree = "<group>"; };
		71DFB8CD1E10C92200DFAE63 /* LoginViewController.h */ = {isa = PBXFileReference; fileEncoding = 4; lastKnownFileType = sourcecode.c.h; name = LoginViewController.h; path = Controllers/LoginViewController.h; sourceTree = "<group>"; };
		71DFB8CE1E10C92200DFAE63 /* LoginViewController.m */ = {isa = PBXFileReference; fileEncoding = 4; lastKnownFileType = sourcecode.c.objc; name = LoginViewController.m; path = Controllers/LoginViewController.m; sourceTree = "<group>"; };
		71DFB8D31E10F42400DFAE63 /* FRTextField.h */ = {isa = PBXFileReference; fileEncoding = 4; lastKnownFileType = sourcecode.c.h; name = FRTextField.h; path = UIComponents/FRTextField.h; sourceTree = "<group>"; };
		71DFB8D41E10F42400DFAE63 /* FRTextField.m */ = {isa = PBXFileReference; fileEncoding = 4; lastKnownFileType = sourcecode.c.objc; name = FRTextField.m; path = UIComponents/FRTextField.m; sourceTree = "<group>"; };
		71DFB8E01E112B3500DFAE63 /* FRLoginButton.h */ = {isa = PBXFileReference; fileEncoding = 4; lastKnownFileType = sourcecode.c.h; name = FRLoginButton.h; path = UIComponents/FRLoginButton.h; sourceTree = "<group>"; };
		71DFB8E11E112B3500DFAE63 /* FRLoginButton.m */ = {isa = PBXFileReference; fileEncoding = 4; lastKnownFileType = sourcecode.c.objc; name = FRLoginButton.m; path = UIComponents/FRLoginButton.m; sourceTree = "<group>"; };
		71DFB8E51E14B20200DFAE63 /* LoggedInViewController.h */ = {isa = PBXFileReference; fileEncoding = 4; lastKnownFileType = sourcecode.c.h; name = LoggedInViewController.h; path = Controllers/LoggedInViewController.h; sourceTree = "<group>"; };
		71DFB8E61E14B20200DFAE63 /* LoggedInViewController.m */ = {isa = PBXFileReference; fileEncoding = 4; lastKnownFileType = sourcecode.c.objc; name = LoggedInViewController.m; path = Controllers/LoggedInViewController.m; sourceTree = "<group>"; };
		71DFB8E81E14B9E700DFAE63 /* next_bg.jpg */ = {isa = PBXFileReference; lastKnownFileType = image.jpeg; name = next_bg.jpg; path = Resources/next_bg.jpg; sourceTree = "<group>"; };
		71DFB8EB1E14C0C900DFAE63 /* LoginCustomTransition.h */ = {isa = PBXFileReference; fileEncoding = 4; lastKnownFileType = sourcecode.c.h; name = LoginCustomTransition.h; path = Delegates/LoginCustomTransition.h; sourceTree = "<group>"; };
		71DFB8EC1E14C0C900DFAE63 /* LoginCustomTransition.m */ = {isa = PBXFileReference; fileEncoding = 4; lastKnownFileType = sourcecode.c.objc; name = LoginCustomTransition.m; path = Delegates/LoginCustomTransition.m; sourceTree = "<group>"; };
		AF1A1B18B3AE4EDE740BF642 /* libPods-AnimationDemo.a */ = {isa = PBXFileReference; explicitFileType = archive.ar; includeInIndex = 0; path = "libPods-AnimationDemo.a"; sourceTree = BUILT_PRODUCTS_DIR; };
		D37E81D0AC2EEBBA0D042A87 /* Pods-AnimationDemo.release.xcconfig */ = {isa = PBXFileReference; includeInIndex = 1; lastKnownFileType = text.xcconfig; name = "Pods-AnimationDemo.release.xcconfig"; path = "../Pods/Target Support Files/Pods-AnimationDemo/Pods-AnimationDemo.release.xcconfig"; sourceTree = "<group>"; };
/* End PBXFileReference section */

/* Begin PBXFrameworksBuildPhase section */
		71630ECE1DF56585002F4D0A /* Frameworks */ = {
			isa = PBXFrameworksBuildPhase;
			buildActionMask = 2147483647;
			files = (
				EB64437D1E41CA276DB65907 /* libPods-AnimationDemo.a in Frameworks */,
			);
			runOnlyForDeploymentPostprocessing = 0;
		};
		71630EE71DF56586002F4D0A /* Frameworks */ = {
			isa = PBXFrameworksBuildPhase;
			buildActionMask = 2147483647;
			files = (
			);
			runOnlyForDeploymentPostprocessing = 0;
		};
		71630EF21DF56586002F4D0A /* Frameworks */ = {
			isa = PBXFrameworksBuildPhase;
			buildActionMask = 2147483647;
			files = (
			);
			runOnlyForDeploymentPostprocessing = 0;
		};
/* End PBXFrameworksBuildPhase section */

/* Begin PBXGroup section */
		2516032FBC4F492D5252FD16 /* Pods */ = {
			isa = PBXGroup;
			children = (
				234B705C465687C689077428 /* Pods-AnimationDemo.debug.xcconfig */,
				D37E81D0AC2EEBBA0D042A87 /* Pods-AnimationDemo.release.xcconfig */,
			);
			name = Pods;
			sourceTree = "<group>";
		};
		71630EC81DF56585002F4D0A = {
			isa = PBXGroup;
			children = (
				71630ED31DF56585002F4D0A /* AnimationDemo */,
				71630EED1DF56586002F4D0A /* AnimationDemoTests */,
				71630EF81DF56586002F4D0A /* AnimationDemoUITests */,
				71630ED21DF56585002F4D0A /* Products */,
				2516032FBC4F492D5252FD16 /* Pods */,
				7B52045144EBAA536D642D59 /* Frameworks */,
			);
			sourceTree = "<group>";
		};
		71630ED21DF56585002F4D0A /* Products */ = {
			isa = PBXGroup;
			children = (
				71630ED11DF56585002F4D0A /* AnimationDemo.app */,
				71630EEA1DF56586002F4D0A /* AnimationDemoTests.xctest */,
				71630EF51DF56586002F4D0A /* AnimationDemoUITests.xctest */,
			);
			name = Products;
			sourceTree = "<group>";
		};
		71630ED31DF56585002F4D0A /* AnimationDemo */ = {
			isa = PBXGroup;
			children = (
				71630ED71DF56585002F4D0A /* AppDelegate.h */,
				71630ED81DF56585002F4D0A /* AppDelegate.m */,
				71DFB8CA1E10C8E800DFAE63 /* Controllers */,
				71DFB8EA1E14BC8E00DFAE63 /* Delegates */,
				71630EE51DF56586002F4D0A /* Info.plist */,
				71DFB8A91E0D2DDB00DFAE63 /* MainViewController.h */,
				71DFB8AA1E0D2DDB00DFAE63 /* MainViewController.m */,
				7174C86B1E0A795E008D5887 /* Resources */,
				71630ED41DF56585002F4D0A /* Supporting Files */,
				71DFB8D21E10F33500DFAE63 /* UIComponents */,
			);
			path = AnimationDemo;
			sourceTree = "<group>";
		};
		71630ED41DF56585002F4D0A /* Supporting Files */ = {
			isa = PBXGroup;
			children = (
				71630ED51DF56585002F4D0A /* main.m */,
			);
			name = "Supporting Files";
			sourceTree = "<group>";
		};
		71630EED1DF56586002F4D0A /* AnimationDemoTests */ = {
			isa = PBXGroup;
			children = (
				71630EEE1DF56586002F4D0A /* AnimationDemoTests.m */,
				71630EF01DF56586002F4D0A /* Info.plist */,
			);
			path = AnimationDemoTests;
			sourceTree = "<group>";
		};
		71630EF81DF56586002F4D0A /* AnimationDemoUITests */ = {
			isa = PBXGroup;
			children = (
				71630EF91DF56586002F4D0A /* AnimationDemoUITests.m */,
				71630EFB1DF56586002F4D0A /* Info.plist */,
			);
			path = AnimationDemoUITests;
			sourceTree = "<group>";
		};
		7174C86B1E0A795E008D5887 /* Resources */ = {
			isa = PBXGroup;
			children = (
				71DFB8E81E14B9E700DFAE63 /* next_bg.jpg */,
				71630EE01DF56586002F4D0A /* Assets.xcassets */,
				71DFB8AC1E0FB46700DFAE63 /* icon_balloon.png */,
			);
			name = Resources;
			sourceTree = "<group>";
		};
		71DFB8CA1E10C8E800DFAE63 /* Controllers */ = {
			isa = PBXGroup;
			children = (
				71DFB8CB1E10C92200DFAE63 /* ClockViewController.h */,
				71DFB8CC1E10C92200DFAE63 /* ClockViewController.m */,
				71DFB8CD1E10C92200DFAE63 /* LoginViewController.h */,
				71DFB8CE1E10C92200DFAE63 /* LoginViewController.m */,
				71DFB8E51E14B20200DFAE63 /* LoggedInViewController.h */,
				71DFB8E61E14B20200DFAE63 /* LoggedInViewController.m */,
			);
			name = Controllers;
			sourceTree = "<group>";
		};
		71DFB8D21E10F33500DFAE63 /* UIComponents */ = {
			isa = PBXGroup;
			children = (
				71DFB8D31E10F42400DFAE63 /* FRTextField.h */,
				71DFB8D41E10F42400DFAE63 /* FRTextField.m */,
				71DFB8E01E112B3500DFAE63 /* FRLoginButton.h */,
				71DFB8E11E112B3500DFAE63 /* FRLoginButton.m */,
			);
			name = UIComponents;
			sourceTree = "<group>";
		};
		71DFB8EA1E14BC8E00DFAE63 /* Delegates */ = {
			isa = PBXGroup;
			children = (
				71DFB8EB1E14C0C900DFAE63 /* LoginCustomTransition.h */,
				71DFB8EC1E14C0C900DFAE63 /* LoginCustomTransition.m */,
			);
			name = Delegates;
			sourceTree = "<group>";
		};
		7B52045144EBAA536D642D59 /* Frameworks */ = {
			isa = PBXGroup;
			children = (
				AF1A1B18B3AE4EDE740BF642 /* libPods-AnimationDemo.a */,
			);
			name = Frameworks;
			sourceTree = "<group>";
		};
/* End PBXGroup section */

/* Begin PBXNativeTarget section */
		71630ED01DF56585002F4D0A /* AnimationDemo */ = {
			isa = PBXNativeTarget;
			buildConfigurationList = 71630EFE1DF56586002F4D0A /* Build configuration list for PBXNativeTarget "AnimationDemo" */;
			buildPhases = (
				A51F389AF8145DC06D107F04 /* [CP] Check Pods Manifest.lock */,
				71630ECD1DF56585002F4D0A /* Sources */,
				71630ECE1DF56585002F4D0A /* Frameworks */,
				71630ECF1DF56585002F4D0A /* Resources */,
				E92B206364FA92FF0B4117D8 /* [CP] Embed Pods Frameworks */,
				714C34CCAA07BAC15F982EB5 /* [CP] Copy Pods Resources */,
			);
			buildRules = (
			);
			dependencies = (
			);
			name = AnimationDemo;
			productName = AnimationDemo;
			productReference = 71630ED11DF56585002F4D0A /* AnimationDemo.app */;
			productType = "com.apple.product-type.application";
		};
		71630EE91DF56586002F4D0A /* AnimationDemoTests */ = {
			isa = PBXNativeTarget;
			buildConfigurationList = 71630F011DF56586002F4D0A /* Build configuration list for PBXNativeTarget "AnimationDemoTests" */;
			buildPhases = (
				71630EE61DF56586002F4D0A /* Sources */,
				71630EE71DF56586002F4D0A /* Frameworks */,
				71630EE81DF56586002F4D0A /* Resources */,
			);
			buildRules = (
			);
			dependencies = (
				71630EEC1DF56586002F4D0A /* PBXTargetDependency */,
			);
			name = AnimationDemoTests;
			productName = AnimationDemoTests;
			productReference = 71630EEA1DF56586002F4D0A /* AnimationDemoTests.xctest */;
			productType = "com.apple.product-type.bundle.unit-test";
		};
		71630EF41DF56586002F4D0A /* AnimationDemoUITests */ = {
			isa = PBXNativeTarget;
			buildConfigurationList = 71630F041DF56586002F4D0A /* Build configuration list for PBXNativeTarget "AnimationDemoUITests" */;
			buildPhases = (
				71630EF11DF56586002F4D0A /* Sources */,
				71630EF21DF56586002F4D0A /* Frameworks */,
				71630EF31DF56586002F4D0A /* Resources */,
			);
			buildRules = (
			);
			dependencies = (
				71630EF71DF56586002F4D0A /* PBXTargetDependency */,
			);
			name = AnimationDemoUITests;
			productName = AnimationDemoUITests;
			productReference = 71630EF51DF56586002F4D0A /* AnimationDemoUITests.xctest */;
			productType = "com.apple.product-type.bundle.ui-testing";
		};
/* End PBXNativeTarget section */

/* Begin PBXProject section */
		71630EC91DF56585002F4D0A /* Project object */ = {
			isa = PBXProject;
			attributes = {
				LastUpgradeCheck = 0810;
				ORGANIZATIONNAME = "Ray Fong";
				TargetAttributes = {
					71630ED01DF56585002F4D0A = {
						CreatedOnToolsVersion = 8.1;
						DevelopmentTeam = PLNQ96T9E6;
						ProvisioningStyle = Automatic;
					};
					71630EE91DF56586002F4D0A = {
						CreatedOnToolsVersion = 8.1;
						DevelopmentTeam = PLNQ96T9E6;
						ProvisioningStyle = Automatic;
						TestTargetID = 71630ED01DF56585002F4D0A;
					};
					71630EF41DF56586002F4D0A = {
						CreatedOnToolsVersion = 8.1;
						DevelopmentTeam = PLNQ96T9E6;
						ProvisioningStyle = Automatic;
						TestTargetID = 71630ED01DF56585002F4D0A;
					};
				};
			};
			buildConfigurationList = 71630ECC1DF56585002F4D0A /* Build configuration list for PBXProject "AnimationDemo" */;
			compatibilityVersion = "Xcode 3.2";
			developmentRegion = English;
			hasScannedForEncodings = 0;
			knownRegions = (
				en,
				Base,
			);
			mainGroup = 71630EC81DF56585002F4D0A;
			productRefGroup = 71630ED21DF56585002F4D0A /* Products */;
			projectDirPath = "";
			projectRoot = "";
			targets = (
				71630ED01DF56585002F4D0A /* AnimationDemo */,
				71630EE91DF56586002F4D0A /* AnimationDemoTests */,
				71630EF41DF56586002F4D0A /* AnimationDemoUITests */,
			);
		};
/* End PBXProject section */

/* Begin PBXResourcesBuildPhase section */
		71630ECF1DF56585002F4D0A /* Resources */ = {
			isa = PBXResourcesBuildPhase;
			buildActionMask = 2147483647;
			files = (
				71630EE11DF56586002F4D0A /* Assets.xcassets in Resources */,
				71DFB8E91E14B9E800DFAE63 /* next_bg.jpg in Resources */,
				71DFB8AE1E0FB46700DFAE63 /* icon_balloon.png in Resources */,
			);
			runOnlyForDeploymentPostprocessing = 0;
		};
		71630EE81DF56586002F4D0A /* Resources */ = {
			isa = PBXResourcesBuildPhase;
			buildActionMask = 2147483647;
			files = (
			);
			runOnlyForDeploymentPostprocessing = 0;
		};
		71630EF31DF56586002F4D0A /* Resources */ = {
			isa = PBXResourcesBuildPhase;
			buildActionMask = 2147483647;
			files = (
			);
			runOnlyForDeploymentPostprocessing = 0;
		};
/* End PBXResourcesBuildPhase section */

/* Begin PBXShellScriptBuildPhase section */
		714C34CCAA07BAC15F982EB5 /* [CP] Copy Pods Resources */ = {
			isa = PBXShellScriptBuildPhase;
			buildActionMask = 2147483647;
			files = (
			);
			inputPaths = (
			);
			name = "[CP] Copy Pods Resources";
			outputPaths = (
			);
			runOnlyForDeploymentPostprocessing = 0;
			shellPath = /bin/sh;
			shellScript = "\"${SRCROOT}/../Pods/Target Support Files/Pods-AnimationDemo/Pods-AnimationDemo-resources.sh\"\n";
			showEnvVarsInLog = 0;
		};
		A51F389AF8145DC06D107F04 /* [CP] Check Pods Manifest.lock */ = {
			isa = PBXShellScriptBuildPhase;
			buildActionMask = 2147483647;
			files = (
			);
			inputPaths = (
			);
			name = "[CP] Check Pods Manifest.lock";
			outputPaths = (
			);
			runOnlyForDeploymentPostprocessing = 0;
			shellPath = /bin/sh;
			shellScript = "diff \"${PODS_ROOT}/../Podfile.lock\" \"${PODS_ROOT}/Manifest.lock\" > /dev/null\nif [ $? != 0 ] ; then\n    # print error to STDERR\n    echo \"error: The sandbox is not in sync with the Podfile.lock. Run 'pod install' or update your CocoaPods installation.\" >&2\n    exit 1\nfi\n";
			showEnvVarsInLog = 0;
		};
		E92B206364FA92FF0B4117D8 /* [CP] Embed Pods Frameworks */ = {
			isa = PBXShellScriptBuildPhase;
			buildActionMask = 2147483647;
			files = (
			);
			inputPaths = (
			);
			name = "[CP] Embed Pods Frameworks";
			outputPaths = (
			);
			runOnlyForDeploymentPostprocessing = 0;
			shellPath = /bin/sh;
			shellScript = "\"${SRCROOT}/../Pods/Target Support Files/Pods-AnimationDemo/Pods-AnimationDemo-frameworks.sh\"\n";
			showEnvVarsInLog = 0;
		};
/* End PBXShellScriptBuildPhase section */

/* Begin PBXSourcesBuildPhase section */
		71630ECD1DF56585002F4D0A /* Sources */ = {
			isa = PBXSourcesBuildPhase;
			buildActionMask = 2147483647;
			files = (
				71630ED91DF56585002F4D0A /* AppDelegate.m in Sources */,
				71630ED61DF56585002F4D0A /* main.m in Sources */,
				71DFB8AB1E0D2DDB00DFAE63 /* MainViewController.m in Sources */,
				71DFB8E71E14B20200DFAE63 /* LoggedInViewController.m in Sources */,
				71DFB8D51E10F42400DFAE63 /* FRTextField.m in Sources */,
				71DFB8ED1E14C0C900DFAE63 /* LoginCustomTransition.m in Sources */,
				71DFB8E21E112B3500DFAE63 /* FRLoginButton.m in Sources */,
				71DFB8CF1E10C92200DFAE63 /* ClockViewController.m in Sources */,
				71DFB8D01E10C92200DFAE63 /* LoginViewController.m in Sources */,
			);
			runOnlyForDeploymentPostprocessing = 0;
		};
		71630EE61DF56586002F4D0A /* Sources */ = {
			isa = PBXSourcesBuildPhase;
			buildActionMask = 2147483647;
			files = (
				71630EEF1DF56586002F4D0A /* AnimationDemoTests.m in Sources */,
			);
			runOnlyForDeploymentPostprocessing = 0;
		};
		71630EF11DF56586002F4D0A /* Sources */ = {
			isa = PBXSourcesBuildPhase;
			buildActionMask = 2147483647;
			files = (
				71630EFA1DF56586002F4D0A /* AnimationDemoUITests.m in Sources */,
			);
			runOnlyForDeploymentPostprocessing = 0;
		};
/* End PBXSourcesBuildPhase section */

/* Begin PBXTargetDependency section */
		71630EEC1DF56586002F4D0A /* PBXTargetDependency */ = {
			isa = PBXTargetDependency;
			target = 71630ED01DF56585002F4D0A /* AnimationDemo */;
			targetProxy = 71630EEB1DF56586002F4D0A /* PBXContainerItemProxy */;
		};
		71630EF71DF56586002F4D0A /* PBXTargetDependency */ = {
			isa = PBXTargetDependency;
			target = 71630ED01DF56585002F4D0A /* AnimationDemo */;
			targetProxy = 71630EF61DF56586002F4D0A /* PBXContainerItemProxy */;
		};
/* End PBXTargetDependency section */

/* Begin XCBuildConfiguration section */
		71630EFC1DF56586002F4D0A /* Debug */ = {
			isa = XCBuildConfiguration;
			buildSettings = {
				ALWAYS_SEARCH_USER_PATHS = NO;
				CLANG_ANALYZER_NONNULL = YES;
				CLANG_CXX_LANGUAGE_STANDARD = "gnu++0x";
				CLANG_CXX_LIBRARY = "libc++";
				CLANG_ENABLE_MODULES = YES;
				CLANG_ENABLE_OBJC_ARC = YES;
				CLANG_WARN_BOOL_CONVERSION = YES;
				CLANG_WARN_CONSTANT_CONVERSION = YES;
				CLANG_WARN_DIRECT_OBJC_ISA_USAGE = YES_ERROR;
				CLANG_WARN_DOCUMENTATION_COMMENTS = YES;
				CLANG_WARN_EMPTY_BODY = YES;
				CLANG_WARN_ENUM_CONVERSION = YES;
				CLANG_WARN_INFINITE_RECURSION = YES;
				CLANG_WARN_INT_CONVERSION = YES;
				CLANG_WARN_OBJC_ROOT_CLASS = YES_ERROR;
				CLANG_WARN_SUSPICIOUS_MOVE = YES;
				CLANG_WARN_SUSPICIOUS_MOVES = YES;
				CLANG_WARN_UNREACHABLE_CODE = YES;
				CLANG_WARN__DUPLICATE_METHOD_MATCH = YES;
				"CODE_SIGN_IDENTITY[sdk=iphoneos*]" = "iPhone Developer";
				COPY_PHASE_STRIP = NO;
				DEBUG_INFORMATION_FORMAT = dwarf;
				ENABLE_STRICT_OBJC_MSGSEND = YES;
				ENABLE_TESTABILITY = YES;
				GCC_C_LANGUAGE_STANDARD = gnu99;
				GCC_DYNAMIC_NO_PIC = NO;
				GCC_NO_COMMON_BLOCKS = YES;
				GCC_OPTIMIZATION_LEVEL = 0;
				GCC_PREPROCESSOR_DEFINITIONS = (
					"DEBUG=1",
					"$(inherited)",
				);
				GCC_WARN_64_TO_32_BIT_CONVERSION = YES;
				GCC_WARN_ABOUT_RETURN_TYPE = YES_ERROR;
				GCC_WARN_UNDECLARED_SELECTOR = YES;
				GCC_WARN_UNINITIALIZED_AUTOS = YES_AGGRESSIVE;
				GCC_WARN_UNUSED_FUNCTION = YES;
				GCC_WARN_UNUSED_VARIABLE = YES;
				IPHONEOS_DEPLOYMENT_TARGET = 10.1;
				MTL_ENABLE_DEBUG_INFO = YES;
				ONLY_ACTIVE_ARCH = YES;
				SDKROOT = iphoneos;
				TARGETED_DEVICE_FAMILY = "1,2";
			};
			name = Debug;
		};
		71630EFD1DF56586002F4D0A /* Release */ = {
			isa = XCBuildConfiguration;
			buildSettings = {
				ALWAYS_SEARCH_USER_PATHS = NO;
				CLANG_ANALYZER_NONNULL = YES;
				CLANG_CXX_LANGUAGE_STANDARD = "gnu++0x";
				CLANG_CXX_LIBRARY = "libc++";
				CLANG_ENABLE_MODULES = YES;
				CLANG_ENABLE_OBJC_ARC = YES;
				CLANG_WARN_BOOL_CONVERSION = YES;
				CLANG_WARN_CONSTANT_CONVERSION = YES;
				CLANG_WARN_DIRECT_OBJC_ISA_USAGE = YES_ERROR;
				CLANG_WARN_DOCUMENTATION_COMMENTS = YES;
				CLANG_WARN_EMPTY_BODY = YES;
				CLANG_WARN_ENUM_CONVERSION = YES;
				CLANG_WARN_INFINITE_RECURSION = YES;
				CLANG_WARN_INT_CONVERSION = YES;
				CLANG_WARN_OBJC_ROOT_CLASS = YES_ERROR;
				CLANG_WARN_SUSPICIOUS_MOVE = YES;
				CLANG_WARN_SUSPICIOUS_MOVES = YES;
				CLANG_WARN_UNREACHABLE_CODE = YES;
				CLANG_WARN__DUPLICATE_METHOD_MATCH = YES;
				"CODE_SIGN_IDENTITY[sdk=iphoneos*]" = "iPhone Developer";
				COPY_PHASE_STRIP = NO;
				DEBUG_INFORMATION_FORMAT = "dwarf-with-dsym";
				ENABLE_NS_ASSERTIONS = NO;
				ENABLE_STRICT_OBJC_MSGSEND = YES;
				GCC_C_LANGUAGE_STANDARD = gnu99;
				GCC_NO_COMMON_BLOCKS = YES;
				GCC_WARN_64_TO_32_BIT_CONVERSION = YES;
				GCC_WARN_ABOUT_RETURN_TYPE = YES_ERROR;
				GCC_WARN_UNDECLARED_SELECTOR = YES;
				GCC_WARN_UNINITIALIZED_AUTOS = YES_AGGRESSIVE;
				GCC_WARN_UNUSED_FUNCTION = YES;
				GCC_WARN_UNUSED_VARIABLE = YES;
				IPHONEOS_DEPLOYMENT_TARGET = 10.1;
				MTL_ENABLE_DEBUG_INFO = NO;
				SDKROOT = iphoneos;
				TARGETED_DEVICE_FAMILY = "1,2";
				VALIDATE_PRODUCT = YES;
			};
			name = Release;
		};
		71630EFF1DF56586002F4D0A /* Debug */ = {
			isa = XCBuildConfiguration;
			baseConfigurationReference = 234B705C465687C689077428 /* Pods-AnimationDemo.debug.xcconfig */;
			buildSettings = {
				ASSETCATALOG_COMPILER_APPICON_NAME = AppIcon;
				DEVELOPMENT_TEAM = PLNQ96T9E6;
				INFOPLIST_FILE = AnimationDemo/Info.plist;
				LD_RUNPATH_SEARCH_PATHS = "$(inherited) @executable_path/Frameworks";
				PRODUCT_BUNDLE_IDENTIFIER = com.bilibili.AnimationDemo;
				PRODUCT_NAME = "$(TARGET_NAME)";
			};
			name = Debug;
		};
		71630F001DF56586002F4D0A /* Release */ = {
			isa = XCBuildConfiguration;
			baseConfigurationReference = D37E81D0AC2EEBBA0D042A87 /* Pods-AnimationDemo.release.xcconfig */;
			buildSettings = {
				ASSETCATALOG_COMPILER_APPICON_NAME = AppIcon;
				DEVELOPMENT_TEAM = PLNQ96T9E6;
				INFOPLIST_FILE = AnimationDemo/Info.plist;
				LD_RUNPATH_SEARCH_PATHS = "$(inherited) @executable_path/Frameworks";
				PRODUCT_BUNDLE_IDENTIFIER = com.bilibili.AnimationDemo;
				PRODUCT_NAME = "$(TARGET_NAME)";
			};
			name = Release;
		};
		71630F021DF56586002F4D0A /* Debug */ = {
			isa = XCBuildConfiguration;
			buildSettings = {
				BUNDLE_LOADER = "$(TEST_HOST)";
				DEVELOPMENT_TEAM = PLNQ96T9E6;
				INFOPLIST_FILE = AnimationDemoTests/Info.plist;
				LD_RUNPATH_SEARCH_PATHS = "$(inherited) @executable_path/Frameworks @loader_path/Frameworks";
				PRODUCT_BUNDLE_IDENTIFIER = com.bilibili.AnimationDemoTests;
				PRODUCT_NAME = "$(TARGET_NAME)";
				TEST_HOST = "$(BUILT_PRODUCTS_DIR)/AnimationDemo.app/AnimationDemo";
			};
			name = Debug;
		};
		71630F031DF56586002F4D0A /* Release */ = {
			isa = XCBuildConfiguration;
			buildSettings = {
				BUNDLE_LOADER = "$(TEST_HOST)";
				DEVELOPMENT_TEAM = PLNQ96T9E6;
				INFOPLIST_FILE = AnimationDemoTests/Info.plist;
				LD_RUNPATH_SEARCH_PATHS = "$(inherited) @executable_path/Frameworks @loader_path/Frameworks";
				PRODUCT_BUNDLE_IDENTIFIER = com.bilibili.AnimationDemoTests;
				PRODUCT_NAME = "$(TARGET_NAME)";
				TEST_HOST = "$(BUILT_PRODUCTS_DIR)/AnimationDemo.app/AnimationDemo";
			};
			name = Release;
		};
		71630F051DF56586002F4D0A /* Debug */ = {
			isa = XCBuildConfiguration;
			buildSettings = {
				DEVELOPMENT_TEAM = PLNQ96T9E6;
				INFOPLIST_FILE = AnimationDemoUITests/Info.plist;
				LD_RUNPATH_SEARCH_PATHS = "$(inherited) @executable_path/Frameworks @loader_path/Frameworks";
				PRODUCT_BUNDLE_IDENTIFIER = com.bilibili.AnimationDemoUITests;
				PRODUCT_NAME = "$(TARGET_NAME)";
				TEST_TARGET_NAME = AnimationDemo;
			};
			name = Debug;
		};
		71630F061DF56586002F4D0A /* Release */ = {
			isa = XCBuildConfiguration;
			buildSettings = {
				DEVELOPMENT_TEAM = PLNQ96T9E6;
				INFOPLIST_FILE = AnimationDemoUITests/Info.plist;
				LD_RUNPATH_SEARCH_PATHS = "$(inherited) @executable_path/Frameworks @loader_path/Frameworks";
				PRODUCT_BUNDLE_IDENTIFIER = com.bilibili.AnimationDemoUITests;
				PRODUCT_NAME = "$(TARGET_NAME)";
				TEST_TARGET_NAME = AnimationDemo;
			};
			name = Release;
		};
/* End XCBuildConfiguration section */

/* Begin XCConfigurationList section */
		71630ECC1DF56585002F4D0A /* Build configuration list for PBXProject "AnimationDemo" */ = {
			isa = XCConfigurationList;
			buildConfigurations = (
				71630EFC1DF56586002F4D0A /* Debug */,
				71630EFD1DF56586002F4D0A /* Release */,
			);
			defaultConfigurationIsVisible = 0;
			defaultConfigurationName = Release;
		};
		71630EFE1DF56586002F4D0A /* Build configuration list for PBXNativeTarget "AnimationDemo" */ = {
			isa = XCConfigurationList;
			buildConfigurations = (
				71630EFF1DF56586002F4D0A /* Debug */,
				71630F001DF56586002F4D0A /* Release */,
			);
			defaultConfigurationIsVisible = 0;
			defaultConfigurationName = Release;
		};
		71630F011DF56586002F4D0A /* Build configuration list for PBXNativeTarget "AnimationDemoTests" */ = {
			isa = XCConfigurationList;
			buildConfigurations = (
				71630F021DF56586002F4D0A /* Debug */,
				71630F031DF56586002F4D0A /* Release */,
			);
			defaultConfigurationIsVisible = 0;
			defaultConfigurationName = Release;
		};
		71630F041DF56586002F4D0A /* Build configuration list for PBXNativeTarget "AnimationDemoUITests" */ = {
			isa = XCConfigurationList;
			buildConfigurations = (
				71630F051DF56586002F4D0A /* Debug */,
				71630F061DF56586002F4D0A /* Release */,
			);
			defaultConfigurationIsVisible = 0;
			defaultConfigurationName = Release;
		};
/* End XCConfigurationList section */
	};
	rootObject = 71630EC91DF56585002F4D0A /* Project object */;
}
