// !$*UTF8*$!
{
	archiveVersion = 1;
	classes = {
	};
	objectVersion = 46;
	objects = {

/* Begin PBXBuildFile section */
		0D07F107247BEC0500CE577A /* OCTestViewController.m in Sources */ = {isa = PBXBuildFile; fileRef = 0D07F106247BEC0500CE577A /* OCTestViewController.m */; };
		0D4ACE3D243F0B720048418E /* ExpressionCropViewController.m in Sources */ = {isa = PBXBuildFile; fileRef = 0D4ACE3C243F0B720048418E /* ExpressionCropViewController.m */; settings = {COMPILER_FLAGS = "-fobjc-arc"; }; };
		0D4ACE65243F12FE0048418E /* UIViewAdditions.m in Sources */ = {isa = PBXBuildFile; fileRef = 0D4ACE63243F12FE0048418E /* UIViewAdditions.m */; };
		0D51DD482444775700FE7BED /* UITabBarController+Rotate.m in Sources */ = {isa = PBXBuildFile; fileRef = 0D51DD472444775700FE7BED /* UITabBarController+Rotate.m */; };
		0D51DD4C24447B0B00FE7BED /* FRImageHelper.m in Sources */ = {isa = PBXBuildFile; fileRef = 0D51DD4B24447B0B00FE7BED /* FRImageHelper.m */; };
		0D6B1AE02420C15A0096FB1E /* ClockViewController.m in Sources */ = {isa = PBXBuildFile; fileRef = 0D6B1AD02420C15A0096FB1E /* ClockViewController.m */; };
		0D6B1AE12420C15A0096FB1E /* IconFontViewController.m in Sources */ = {isa = PBXBuildFile; fileRef = 0D6B1AD12420C15A0096FB1E /* IconFontViewController.m */; };
		0D6B1AE22420C15A0096FB1E /* DragableViewController.m in Sources */ = {isa = PBXBuildFile; fileRef = 0D6B1AD42420C15A0096FB1E /* DragableViewController.m */; };
		0D6B1AE32420C15A0096FB1E /* LoggedInViewController.m in Sources */ = {isa = PBXBuildFile; fileRef = 0D6B1AD52420C15A0096FB1E /* LoggedInViewController.m */; };
		0D6B1AE42420C15A0096FB1E /* SpeechViewController.m in Sources */ = {isa = PBXBuildFile; fileRef = 0D6B1AD62420C15A0096FB1E /* SpeechViewController.m */; };
		0D6B1AE52420C15A0096FB1E /* LoginViewController.m in Sources */ = {isa = PBXBuildFile; fileRef = 0D6B1ADC2420C15A0096FB1E /* LoginViewController.m */; };
		0D6B1AE62420C15A0096FB1E /* LottieViewController.m in Sources */ = {isa = PBXBuildFile; fileRef = 0D6B1ADD2420C15A0096FB1E /* LottieViewController.m */; };
		0D6B1AE72420C15A0096FB1E /* ScrollViewController.m in Sources */ = {isa = PBXBuildFile; fileRef = 0D6B1ADF2420C15A0096FB1E /* ScrollViewController.m */; };
		0D6B1AEC2420C1890096FB1E /* FRTextField.m in Sources */ = {isa = PBXBuildFile; fileRef = 0D6B1AEA2420C1890096FB1E /* FRTextField.m */; };
		0D6B1AED2420C1890096FB1E /* FRLoginButton.m in Sources */ = {isa = PBXBuildFile; fileRef = 0D6B1AEB2420C1890096FB1E /* FRLoginButton.m */; };
		0D6B1AF62420C1E90096FB1E /* UIColor+Hex.m in Sources */ = {isa = PBXBuildFile; fileRef = 0D6B1AF12420C1E90096FB1E /* UIColor+Hex.m */; };
		0D6B1AF72420C1E90096FB1E /* NSString+Extension.m in Sources */ = {isa = PBXBuildFile; fileRef = 0D6B1AF32420C1E90096FB1E /* NSString+Extension.m */; };
		0D6B1AF82420C1E90096FB1E /* UIImage+Color.m in Sources */ = {isa = PBXBuildFile; fileRef = 0D6B1AF42420C1E90096FB1E /* UIImage+Color.m */; };
		0D6B1AFB2420C1F20096FB1E /* LoginCustomTransition.m in Sources */ = {isa = PBXBuildFile; fileRef = 0D6B1AF92420C1F20096FB1E /* LoginCustomTransition.m */; };
		0D6B1B072420C2050096FB1E /* UIImage+BiliIconFont.m in Sources */ = {isa = PBXBuildFile; fileRef = 0D6B1AFC2420C2050096FB1E /* UIImage+BiliIconFont.m */; };
		0D6B1B082420C2050096FB1E /* UILabel+BiliIconFont.m in Sources */ = {isa = PBXBuildFile; fileRef = 0D6B1AFD2420C2050096FB1E /* UILabel+BiliIconFont.m */; };
		0D6B1B092420C2050096FB1E /* UIImageView+BiliIconFont.m in Sources */ = {isa = PBXBuildFile; fileRef = 0D6B1B002420C2050096FB1E /* UIImageView+BiliIconFont.m */; };
		0D6B1B0A2420C2050096FB1E /* BiliIconFont.m in Sources */ = {isa = PBXBuildFile; fileRef = 0D6B1B012420C2050096FB1E /* BiliIconFont.m */; };
		0D6B1B0B2420C2050096FB1E /* UIButton+BiliIconFont.m in Sources */ = {isa = PBXBuildFile; fileRef = 0D6B1B062420C2050096FB1E /* UIButton+BiliIconFont.m */; };
		0D6B1B0F2420C33F0096FB1E /* EmitterSnowController.swift in Sources */ = {isa = PBXBuildFile; fileRef = 0D6B1B0E2420C33F0096FB1E /* EmitterSnowController.swift */; };
		0D6B1B122420C3AF0096FB1E /* DownloadModel.m in Sources */ = {isa = PBXBuildFile; fileRef = 0D6B1B112420C3AF0096FB1E /* DownloadModel.m */; };
		0D6B1B172420C3ED0096FB1E /* DownloadManager.m in Sources */ = {isa = PBXBuildFile; fileRef = 0D6B1B162420C3ED0096FB1E /* DownloadManager.m */; };
		0DB167F0244D617000E1B3AF /* UIImage+FixOrientation.m in Sources */ = {isa = PBXBuildFile; fileRef = 0DB167EE244D617000E1B3AF /* UIImage+FixOrientation.m */; };
		0DD6B848243F1FDA00BA92EF /* AECropView.m in Sources */ = {isa = PBXBuildFile; fileRef = 0DD6B847243F1FDA00BA92EF /* AECropView.m */; };
		0DDFC43C2445A6C000D57263 /* ResultViewController.m in Sources */ = {isa = PBXBuildFile; fileRef = 0DDFC43B2445A6C000D57263 /* ResultViewController.m */; };
		2337DA651FB1D5BE008D480F /* gears.json in Resources */ = {isa = PBXBuildFile; fileRef = 2337DA5C1FB1CBF1008D480F /* gears.json */; };
		2337DA681FB1D847008D480F /* bell.json in Resources */ = {isa = PBXBuildFile; fileRef = 2337DA661FB1D690008D480F /* bell.json */; };
		2337DA691FB1D847008D480F /* birth.json in Resources */ = {isa = PBXBuildFile; fileRef = 2337DA671FB1D6A3008D480F /* birth.json */; };
		2337DA6B1FB1E781008D480F /* bell2.json in Resources */ = {isa = PBXBuildFile; fileRef = 2337DA6A1FB1E780008D480F /* bell2.json */; };
		236496C620AC298C00502F74 /* AMOrderContainerView.m in Sources */ = {isa = PBXBuildFile; fileRef = 236496C520AC298C00502F74 /* AMOrderContainerView.m */; };
		236496C920AC29A400502F74 /* AMOrderItemView.m in Sources */ = {isa = PBXBuildFile; fileRef = 236496C820AC29A400502F74 /* AMOrderItemView.m */; };
		2371A44E20E08E4900624979 /* microphone.png in Resources */ = {isa = PBXBuildFile; fileRef = 2371A44D20E08E4900624979 /* microphone.png */; };
		2371A45420E0D6A000624979 /* voice_indicator.json in Resources */ = {isa = PBXBuildFile; fileRef = 2371A45120E0D6A000624979 /* voice_indicator.json */; };
		2371A45520E0D6A000624979 /* table_bg.png in Resources */ = {isa = PBXBuildFile; fileRef = 2371A45220E0D6A000624979 /* table_bg.png */; };
		2371A45620E0D6A000624979 /* voice.json in Resources */ = {isa = PBXBuildFile; fileRef = 2371A45320E0D6A000624979 /* voice.json */; };
		237552E620DDFBF10032607E /* Speech.framework in Frameworks */ = {isa = PBXBuildFile; fileRef = 237552E520DDFBF10032607E /* Speech.framework */; };
		239D85BF2154E69700BEA2F2 /* DragView.m in Sources */ = {isa = PBXBuildFile; fileRef = 239D85BE2154E69700BEA2F2 /* DragView.m */; };
		23F44CF222E05FA900CEE70C /* fuck_weex.js in Resources */ = {isa = PBXBuildFile; fileRef = 23F44CF122E05FA800CEE70C /* fuck_weex.js */; };
		23F44D0222E1A13500CEE70C /* DCFrameView.m in Sources */ = {isa = PBXBuildFile; fileRef = 23F44CF622E1A13500CEE70C /* DCFrameView.m */; };
		23F44D0322E1A13500CEE70C /* DCTextView.m in Sources */ = {isa = PBXBuildFile; fileRef = 23F44CF722E1A13500CEE70C /* DCTextView.m */; };
		23F44D0422E1A13500CEE70C /* DCIntrospect.m in Sources */ = {isa = PBXBuildFile; fileRef = 23F44CF822E1A13500CEE70C /* DCIntrospect.m */; };
		23F44D0522E1A13500CEE70C /* DCStatusBarOverlay.m in Sources */ = {isa = PBXBuildFile; fileRef = 23F44CFC22E1A13500CEE70C /* DCStatusBarOverlay.m */; };
		23F44D0622E1A13500CEE70C /* UIView+DCAdditions.m in Sources */ = {isa = PBXBuildFile; fileRef = 23F44CFD22E1A13500CEE70C /* UIView+DCAdditions.m */; };
		23F44D0722E1A13500CEE70C /* DCCrossHairView.m in Sources */ = {isa = PBXBuildFile; fileRef = 23F44D0122E1A13500CEE70C /* DCCrossHairView.m */; };
		7138754C1EF2673D0093BE11 /* fontello.ttf in Resources */ = {isa = PBXBuildFile; fileRef = 7138754B1EF2673D0093BE11 /* fontello.ttf */; };
		7138755B1EF28B990093BE11 /* iconfont.ttf in Resources */ = {isa = PBXBuildFile; fileRef = 7138755A1EF28B880093BE11 /* iconfont.ttf */; };
		71630ED61DF56585002F4D0A /* main.m in Sources */ = {isa = PBXBuildFile; fileRef = 71630ED51DF56585002F4D0A /* main.m */; };
		71630ED91DF56585002F4D0A /* AppDelegate.m in Sources */ = {isa = PBXBuildFile; fileRef = 71630ED81DF56585002F4D0A /* AppDelegate.m */; };
		71630EE11DF56586002F4D0A /* Assets.xcassets in Resources */ = {isa = PBXBuildFile; fileRef = 71630EE01DF56586002F4D0A /* Assets.xcassets */; };
		71630EEF1DF56586002F4D0A /* AnimationDemoTests.m in Sources */ = {isa = PBXBuildFile; fileRef = 71630EEE1DF56586002F4D0A /* AnimationDemoTests.m */; };
		71630EFA1DF56586002F4D0A /* AnimationDemoUITests.m in Sources */ = {isa = PBXBuildFile; fileRef = 71630EF91DF56586002F4D0A /* AnimationDemoUITests.m */; };
		71DFB8AB1E0D2DDB00DFAE63 /* MainViewController.m in Sources */ = {isa = PBXBuildFile; fileRef = 71DFB8AA1E0D2DDB00DFAE63 /* MainViewController.m */; };
		71DFB8AE1E0FB46700DFAE63 /* icon_balloon.png in Resources */ = {isa = PBXBuildFile; fileRef = 71DFB8AC1E0FB46700DFAE63 /* icon_balloon.png */; };
		71DFB8E91E14B9E800DFAE63 /* next_bg.jpg in Resources */ = {isa = PBXBuildFile; fileRef = 71DFB8E81E14B9E700DFAE63 /* next_bg.jpg */; };
		DA4D234B4C2A1F21A7D2D4B4 /* libPods-FRAnimation.a in Frameworks */ = {isa = PBXBuildFile; fileRef = C0B83E1A3C015D34DF2B0ADF /* libPods-FRAnimation.a */; };
/* End PBXBuildFile section */

/* Begin PBXContainerItemProxy section */
		71630EEB1DF56586002F4D0A /* PBXContainerItemProxy */ = {
			isa = PBXContainerItemProxy;
			containerPortal = 71630EC91DF56585002F4D0A /* Project object */;
			proxyType = 1;
			remoteGlobalIDString = 71630ED01DF56585002F4D0A;
			remoteInfo = FRAnimation;
		};
		71630EF61DF56586002F4D0A /* PBXContainerItemProxy */ = {
			isa = PBXContainerItemProxy;
			containerPortal = 71630EC91DF56585002F4D0A /* Project object */;
			proxyType = 1;
			remoteGlobalIDString = 71630ED01DF56585002F4D0A;
			remoteInfo = FRAnimation;
		};
/* End PBXContainerItemProxy section */

/* Begin PBXCopyFilesBuildPhase section */
		2337DA611FB1D381008D480F /* Embed Frameworks */ = {
			isa = PBXCopyFilesBuildPhase;
			buildActionMask = 2147483647;
			dstPath = "";
			dstSubfolderSpec = 10;
			files = (
			);
			name = "Embed Frameworks";
			runOnlyForDeploymentPostprocessing = 0;
		};
/* End PBXCopyFilesBuildPhase section */

/* Begin PBXFileReference section */
		0D07F105247BEC0500CE577A /* OCTestViewController.h */ = {isa = PBXFileReference; lastKnownFileType = sourcecode.c.h; path = OCTestViewController.h; sourceTree = "<group>"; };
		0D07F106247BEC0500CE577A /* OCTestViewController.m */ = {isa = PBXFileReference; lastKnownFileType = sourcecode.c.objc; path = OCTestViewController.m; sourceTree = "<group>"; };
		0D4ACE3B243F0B720048418E /* ExpressionCropViewController.h */ = {isa = PBXFileReference; lastKnownFileType = sourcecode.c.h; path = ExpressionCropViewController.h; sourceTree = "<group>"; };
		0D4ACE3C243F0B720048418E /* ExpressionCropViewController.m */ = {isa = PBXFileReference; lastKnownFileType = sourcecode.c.objc; path = ExpressionCropViewController.m; sourceTree = "<group>"; };
		0D4ACE63243F12FE0048418E /* UIViewAdditions.m */ = {isa = PBXFileReference; fileEncoding = 4; lastKnownFileType = sourcecode.c.objc; path = UIViewAdditions.m; sourceTree = "<group>"; };
		0D4ACE64243F12FE0048418E /* UIViewAdditions.h */ = {isa = PBXFileReference; fileEncoding = 4; lastKnownFileType = sourcecode.c.h; path = UIViewAdditions.h; sourceTree = "<group>"; };
		0D51DD462444775700FE7BED /* UITabBarController+Rotate.h */ = {isa = PBXFileReference; lastKnownFileType = sourcecode.c.h; path = "UITabBarController+Rotate.h"; sourceTree = "<group>"; };
		0D51DD472444775700FE7BED /* UITabBarController+Rotate.m */ = {isa = PBXFileReference; lastKnownFileType = sourcecode.c.objc; path = "UITabBarController+Rotate.m"; sourceTree = "<group>"; };
		0D51DD4A24447B0B00FE7BED /* FRImageHelper.h */ = {isa = PBXFileReference; lastKnownFileType = sourcecode.c.h; path = FRImageHelper.h; sourceTree = "<group>"; };
		0D51DD4B24447B0B00FE7BED /* FRImageHelper.m */ = {isa = PBXFileReference; lastKnownFileType = sourcecode.c.objc; path = FRImageHelper.m; sourceTree = "<group>"; };
		0D6B1AD02420C15A0096FB1E /* ClockViewController.m */ = {isa = PBXFileReference; fileEncoding = 4; lastKnownFileType = sourcecode.c.objc; path = ClockViewController.m; sourceTree = "<group>"; };
		0D6B1AD12420C15A0096FB1E /* IconFontViewController.m */ = {isa = PBXFileReference; fileEncoding = 4; lastKnownFileType = sourcecode.c.objc; path = IconFontViewController.m; sourceTree = "<group>"; };
		0D6B1AD22420C15A0096FB1E /* LoggedInViewController.h */ = {isa = PBXFileReference; fileEncoding = 4; lastKnownFileType = sourcecode.c.h; path = LoggedInViewController.h; sourceTree = "<group>"; };
		0D6B1AD32420C15A0096FB1E /* DragableViewController.h */ = {isa = PBXFileReference; fileEncoding = 4; lastKnownFileType = sourcecode.c.h; path = DragableViewController.h; sourceTree = "<group>"; };
		0D6B1AD42420C15A0096FB1E /* DragableViewController.m */ = {isa = PBXFileReference; fileEncoding = 4; lastKnownFileType = sourcecode.c.objc; path = DragableViewController.m; sourceTree = "<group>"; };
		0D6B1AD52420C15A0096FB1E /* LoggedInViewController.m */ = {isa = PBXFileReference; fileEncoding = 4; lastKnownFileType = sourcecode.c.objc; path = LoggedInViewController.m; sourceTree = "<group>"; };
		0D6B1AD62420C15A0096FB1E /* SpeechViewController.m */ = {isa = PBXFileReference; fileEncoding = 4; lastKnownFileType = sourcecode.c.objc; path = SpeechViewController.m; sourceTree = "<group>"; };
		0D6B1AD72420C15A0096FB1E /* LottieViewController.h */ = {isa = PBXFileReference; fileEncoding = 4; lastKnownFileType = sourcecode.c.h; path = LottieViewController.h; sourceTree = "<group>"; };
		0D6B1AD82420C15A0096FB1E /* IconFontViewController.h */ = {isa = PBXFileReference; fileEncoding = 4; lastKnownFileType = sourcecode.c.h; path = IconFontViewController.h; sourceTree = "<group>"; };
		0D6B1AD92420C15A0096FB1E /* ScrollViewController.h */ = {isa = PBXFileReference; fileEncoding = 4; lastKnownFileType = sourcecode.c.h; path = ScrollViewController.h; sourceTree = "<group>"; };
		0D6B1ADA2420C15A0096FB1E /* ClockViewController.h */ = {isa = PBXFileReference; fileEncoding = 4; lastKnownFileType = sourcecode.c.h; path = ClockViewController.h; sourceTree = "<group>"; };
		0D6B1ADB2420C15A0096FB1E /* SpeechViewController.h */ = {isa = PBXFileReference; fileEncoding = 4; lastKnownFileType = sourcecode.c.h; path = SpeechViewController.h; sourceTree = "<group>"; };
		0D6B1ADC2420C15A0096FB1E /* LoginViewController.m */ = {isa = PBXFileReference; fileEncoding = 4; lastKnownFileType = sourcecode.c.objc; path = LoginViewController.m; sourceTree = "<group>"; };
		0D6B1ADD2420C15A0096FB1E /* LottieViewController.m */ = {isa = PBXFileReference; fileEncoding = 4; lastKnownFileType = sourcecode.c.objc; path = LottieViewController.m; sourceTree = "<group>"; };
		0D6B1ADE2420C15A0096FB1E /* LoginViewController.h */ = {isa = PBXFileReference; fileEncoding = 4; lastKnownFileType = sourcecode.c.h; path = LoginViewController.h; sourceTree = "<group>"; };
		0D6B1ADF2420C15A0096FB1E /* ScrollViewController.m */ = {isa = PBXFileReference; fileEncoding = 4; lastKnownFileType = sourcecode.c.objc; path = ScrollViewController.m; sourceTree = "<group>"; };
		0D6B1AE82420C1890096FB1E /* FRLoginButton.h */ = {isa = PBXFileReference; fileEncoding = 4; lastKnownFileType = sourcecode.c.h; path = FRLoginButton.h; sourceTree = "<group>"; };
		0D6B1AE92420C1890096FB1E /* FRTextField.h */ = {isa = PBXFileReference; fileEncoding = 4; lastKnownFileType = sourcecode.c.h; path = FRTextField.h; sourceTree = "<group>"; };
		0D6B1AEA2420C1890096FB1E /* FRTextField.m */ = {isa = PBXFileReference; fileEncoding = 4; lastKnownFileType = sourcecode.c.objc; path = FRTextField.m; sourceTree = "<group>"; };
		0D6B1AEB2420C1890096FB1E /* FRLoginButton.m */ = {isa = PBXFileReference; fileEncoding = 4; lastKnownFileType = sourcecode.c.objc; path = FRLoginButton.m; sourceTree = "<group>"; };
		0D6B1AF02420C1E90096FB1E /* UIColor+Hex.h */ = {isa = PBXFileReference; fileEncoding = 4; lastKnownFileType = sourcecode.c.h; path = "UIColor+Hex.h"; sourceTree = "<group>"; };
		0D6B1AF12420C1E90096FB1E /* UIColor+Hex.m */ = {isa = PBXFileReference; fileEncoding = 4; lastKnownFileType = sourcecode.c.objc; path = "UIColor+Hex.m"; sourceTree = "<group>"; };
		0D6B1AF22420C1E90096FB1E /* UIImage+Color.h */ = {isa = PBXFileReference; fileEncoding = 4; lastKnownFileType = sourcecode.c.h; path = "UIImage+Color.h"; sourceTree = "<group>"; };
		0D6B1AF32420C1E90096FB1E /* NSString+Extension.m */ = {isa = PBXFileReference; fileEncoding = 4; lastKnownFileType = sourcecode.c.objc; path = "NSString+Extension.m"; sourceTree = "<group>"; };
		0D6B1AF42420C1E90096FB1E /* UIImage+Color.m */ = {isa = PBXFileReference; fileEncoding = 4; lastKnownFileType = sourcecode.c.objc; path = "UIImage+Color.m"; sourceTree = "<group>"; };
		0D6B1AF52420C1E90096FB1E /* NSString+Extension.h */ = {isa = PBXFileReference; fileEncoding = 4; lastKnownFileType = sourcecode.c.h; path = "NSString+Extension.h"; sourceTree = "<group>"; };
		0D6B1AF92420C1F20096FB1E /* LoginCustomTransition.m */ = {isa = PBXFileReference; fileEncoding = 4; lastKnownFileType = sourcecode.c.objc; path = LoginCustomTransition.m; sourceTree = "<group>"; };
		0D6B1AFA2420C1F20096FB1E /* LoginCustomTransition.h */ = {isa = PBXFileReference; fileEncoding = 4; lastKnownFileType = sourcecode.c.h; path = LoginCustomTransition.h; sourceTree = "<group>"; };
		0D6B1AFC2420C2050096FB1E /* UIImage+BiliIconFont.m */ = {isa = PBXFileReference; fileEncoding = 4; lastKnownFileType = sourcecode.c.objc; path = "UIImage+BiliIconFont.m"; sourceTree = "<group>"; };
		0D6B1AFD2420C2050096FB1E /* UILabel+BiliIconFont.m */ = {isa = PBXFileReference; fileEncoding = 4; lastKnownFileType = sourcecode.c.objc; path = "UILabel+BiliIconFont.m"; sourceTree = "<group>"; };
		0D6B1AFE2420C2050096FB1E /* UIImageView+BiliIconFont.h */ = {isa = PBXFileReference; fileEncoding = 4; lastKnownFileType = sourcecode.c.h; path = "UIImageView+BiliIconFont.h"; sourceTree = "<group>"; };
		0D6B1AFF2420C2050096FB1E /* BiliIconConfig.h */ = {isa = PBXFileReference; fileEncoding = 4; lastKnownFileType = sourcecode.c.h; path = BiliIconConfig.h; sourceTree = "<group>"; };
		0D6B1B002420C2050096FB1E /* UIImageView+BiliIconFont.m */ = {isa = PBXFileReference; fileEncoding = 4; lastKnownFileType = sourcecode.c.objc; path = "UIImageView+BiliIconFont.m"; sourceTree = "<group>"; };
		0D6B1B012420C2050096FB1E /* BiliIconFont.m */ = {isa = PBXFileReference; fileEncoding = 4; lastKnownFileType = sourcecode.c.objc; path = BiliIconFont.m; sourceTree = "<group>"; };
		0D6B1B022420C2050096FB1E /* UILabel+BiliIconFont.h */ = {isa = PBXFileReference; fileEncoding = 4; lastKnownFileType = sourcecode.c.h; path = "UILabel+BiliIconFont.h"; sourceTree = "<group>"; };
		0D6B1B032420C2050096FB1E /* UIImage+BiliIconFont.h */ = {isa = PBXFileReference; fileEncoding = 4; lastKnownFileType = sourcecode.c.h; path = "UIImage+BiliIconFont.h"; sourceTree = "<group>"; };
		0D6B1B042420C2050096FB1E /* UIButton+BiliIconFont.h */ = {isa = PBXFileReference; fileEncoding = 4; lastKnownFileType = sourcecode.c.h; path = "UIButton+BiliIconFont.h"; sourceTree = "<group>"; };
		0D6B1B052420C2050096FB1E /* BiliIconFont.h */ = {isa = PBXFileReference; fileEncoding = 4; lastKnownFileType = sourcecode.c.h; path = BiliIconFont.h; sourceTree = "<group>"; };
		0D6B1B062420C2050096FB1E /* UIButton+BiliIconFont.m */ = {isa = PBXFileReference; fileEncoding = 4; lastKnownFileType = sourcecode.c.objc; path = "UIButton+BiliIconFont.m"; sourceTree = "<group>"; };
		0D6B1B0C2420C2E80096FB1E /* UIDefs.h */ = {isa = PBXFileReference; fileEncoding = 4; lastKnownFileType = sourcecode.c.h; path = UIDefs.h; sourceTree = "<group>"; };
		0D6B1B0D2420C2E80096FB1E /* ViewControllers.h */ = {isa = PBXFileReference; fileEncoding = 4; lastKnownFileType = sourcecode.c.h; path = ViewControllers.h; sourceTree = "<group>"; };
		0D6B1B0E2420C33F0096FB1E /* EmitterSnowController.swift */ = {isa = PBXFileReference; fileEncoding = 4; lastKnownFileType = sourcecode.swift; path = EmitterSnowController.swift; sourceTree = "<group>"; };
		0D6B1B102420C3AF0096FB1E /* DownloadModel.h */ = {isa = PBXFileReference; lastKnownFileType = sourcecode.c.h; path = DownloadModel.h; sourceTree = "<group>"; };
		0D6B1B112420C3AF0096FB1E /* DownloadModel.m */ = {isa = PBXFileReference; lastKnownFileType = sourcecode.c.objc; path = DownloadModel.m; sourceTree = "<group>"; };
		0D6B1B152420C3ED0096FB1E /* DownloadManager.h */ = {isa = PBXFileReference; lastKnownFileType = sourcecode.c.h; path = DownloadManager.h; sourceTree = "<group>"; };
		0D6B1B162420C3ED0096FB1E /* DownloadManager.m */ = {isa = PBXFileReference; lastKnownFileType = sourcecode.c.objc; path = DownloadManager.m; sourceTree = "<group>"; };
		0DB167EE244D617000E1B3AF /* UIImage+FixOrientation.m */ = {isa = PBXFileReference; fileEncoding = 4; lastKnownFileType = sourcecode.c.objc; path = "UIImage+FixOrientation.m"; sourceTree = "<group>"; };
		0DB167EF244D617000E1B3AF /* UIImage+FixOrientation.h */ = {isa = PBXFileReference; fileEncoding = 4; lastKnownFileType = sourcecode.c.h; path = "UIImage+FixOrientation.h"; sourceTree = "<group>"; };
		0DD6B846243F1FDA00BA92EF /* AECropView.h */ = {isa = PBXFileReference; lastKnownFileType = sourcecode.c.h; path = AECropView.h; sourceTree = "<group>"; };
		0DD6B847243F1FDA00BA92EF /* AECropView.m */ = {isa = PBXFileReference; lastKnownFileType = sourcecode.c.objc; path = AECropView.m; sourceTree = "<group>"; };
		0DDFC43A2445A6C000D57263 /* ResultViewController.h */ = {isa = PBXFileReference; lastKnownFileType = sourcecode.c.h; path = ResultViewController.h; sourceTree = "<group>"; };
		0DDFC43B2445A6C000D57263 /* ResultViewController.m */ = {isa = PBXFileReference; lastKnownFileType = sourcecode.c.objc; path = ResultViewController.m; sourceTree = "<group>"; };
		1C88B88261FDCAA920D39E62 /* Pods-FRAnimation.debug.xcconfig */ = {isa = PBXFileReference; includeInIndex = 1; lastKnownFileType = text.xcconfig; name = "Pods-FRAnimation.debug.xcconfig"; path = "../Pods/Target Support Files/Pods-FRAnimation/Pods-FRAnimation.debug.xcconfig"; sourceTree = "<group>"; };
		2337DA5C1FB1CBF1008D480F /* gears.json */ = {isa = PBXFileReference; lastKnownFileType = text.json; path = gears.json; sourceTree = "<group>"; };
		2337DA661FB1D690008D480F /* bell.json */ = {isa = PBXFileReference; lastKnownFileType = text.json; path = bell.json; sourceTree = "<group>"; };
		2337DA671FB1D6A3008D480F /* birth.json */ = {isa = PBXFileReference; lastKnownFileType = text.json; path = birth.json; sourceTree = "<group>"; };
		2337DA6A1FB1E780008D480F /* bell2.json */ = {isa = PBXFileReference; fileEncoding = 4; lastKnownFileType = text.json; path = bell2.json; sourceTree = "<group>"; };
		234B705C465687C689077428 /* Pods-AnimationDemo.debug.xcconfig */ = {isa = PBXFileReference; includeInIndex = 1; lastKnownFileType = text.xcconfig; name = "Pods-AnimationDemo.debug.xcconfig"; path = "../Pods/Target Support Files/Pods-AnimationDemo/Pods-AnimationDemo.debug.xcconfig"; sourceTree = "<group>"; };
		236496C420AC298C00502F74 /* AMOrderContainerView.h */ = {isa = PBXFileReference; lastKnownFileType = sourcecode.c.h; path = AMOrderContainerView.h; sourceTree = "<group>"; };
		236496C520AC298C00502F74 /* AMOrderContainerView.m */ = {isa = PBXFileReference; lastKnownFileType = sourcecode.c.objc; path = AMOrderContainerView.m; sourceTree = "<group>"; };
		236496C720AC29A400502F74 /* AMOrderItemView.h */ = {isa = PBXFileReference; lastKnownFileType = sourcecode.c.h; path = AMOrderItemView.h; sourceTree = "<group>"; };
		236496C820AC29A400502F74 /* AMOrderItemView.m */ = {isa = PBXFileReference; lastKnownFileType = sourcecode.c.objc; path = AMOrderItemView.m; sourceTree = "<group>"; };
		2371A44D20E08E4900624979 /* microphone.png */ = {isa = PBXFileReference; lastKnownFileType = image.png; path = microphone.png; sourceTree = "<group>"; };
		2371A45120E0D6A000624979 /* voice_indicator.json */ = {isa = PBXFileReference; fileEncoding = 4; lastKnownFileType = text.json; path = voice_indicator.json; sourceTree = "<group>"; };
		2371A45220E0D6A000624979 /* table_bg.png */ = {isa = PBXFileReference; lastKnownFileType = image.png; path = table_bg.png; sourceTree = "<group>"; };
		2371A45320E0D6A000624979 /* voice.json */ = {isa = PBXFileReference; fileEncoding = 4; lastKnownFileType = text.json; path = voice.json; sourceTree = "<group>"; };
		237552E520DDFBF10032607E /* Speech.framework */ = {isa = PBXFileReference; lastKnownFileType = wrapper.framework; name = Speech.framework; path = System/Library/Frameworks/Speech.framework; sourceTree = SDKROOT; };
		239D85BD2154E69700BEA2F2 /* DragView.h */ = {isa = PBXFileReference; lastKnownFileType = sourcecode.c.h; path = DragView.h; sourceTree = "<group>"; };
		239D85BE2154E69700BEA2F2 /* DragView.m */ = {isa = PBXFileReference; lastKnownFileType = sourcecode.c.objc; path = DragView.m; sourceTree = "<group>"; };
		23F44CF122E05FA800CEE70C /* fuck_weex.js */ = {isa = PBXFileReference; fileEncoding = 4; lastKnownFileType = sourcecode.javascript; name = fuck_weex.js; path = FRAnimation/Resources/fuck_weex.js; sourceTree = SOURCE_ROOT; };
		23F44CF522E1A13500CEE70C /* DCStatusBarOverlay.h */ = {isa = PBXFileReference; fileEncoding = 4; lastKnownFileType = sourcecode.c.h; path = DCStatusBarOverlay.h; sourceTree = "<group>"; };
		23F44CF622E1A13500CEE70C /* DCFrameView.m */ = {isa = PBXFileReference; fileEncoding = 4; lastKnownFileType = sourcecode.c.objc; path = DCFrameView.m; sourceTree = "<group>"; };
		23F44CF722E1A13500CEE70C /* DCTextView.m */ = {isa = PBXFileReference; fileEncoding = 4; lastKnownFileType = sourcecode.c.objc; path = DCTextView.m; sourceTree = "<group>"; };
		23F44CF822E1A13500CEE70C /* DCIntrospect.m */ = {isa = PBXFileReference; fileEncoding = 4; lastKnownFileType = sourcecode.c.objc; path = DCIntrospect.m; sourceTree = "<group>"; };
		23F44CF922E1A13500CEE70C /* DCIntrospectSettings.h */ = {isa = PBXFileReference; fileEncoding = 4; lastKnownFileType = sourcecode.c.h; path = DCIntrospectSettings.h; sourceTree = "<group>"; };
		23F44CFA22E1A13500CEE70C /* UIView+DCAdditions.h */ = {isa = PBXFileReference; fileEncoding = 4; lastKnownFileType = sourcecode.c.h; path = "UIView+DCAdditions.h"; sourceTree = "<group>"; };
		23F44CFB22E1A13500CEE70C /* DCCrossHairView.h */ = {isa = PBXFileReference; fileEncoding = 4; lastKnownFileType = sourcecode.c.h; path = DCCrossHairView.h; sourceTree = "<group>"; };
		23F44CFC22E1A13500CEE70C /* DCStatusBarOverlay.m */ = {isa = PBXFileReference; fileEncoding = 4; lastKnownFileType = sourcecode.c.objc; path = DCStatusBarOverlay.m; sourceTree = "<group>"; };
		23F44CFD22E1A13500CEE70C /* UIView+DCAdditions.m */ = {isa = PBXFileReference; fileEncoding = 4; lastKnownFileType = sourcecode.c.objc; path = "UIView+DCAdditions.m"; sourceTree = "<group>"; };
		23F44CFE22E1A13500CEE70C /* DCIntrospect.h */ = {isa = PBXFileReference; fileEncoding = 4; lastKnownFileType = sourcecode.c.h; path = DCIntrospect.h; sourceTree = "<group>"; };
		23F44CFF22E1A13500CEE70C /* DCTextView.h */ = {isa = PBXFileReference; fileEncoding = 4; lastKnownFileType = sourcecode.c.h; path = DCTextView.h; sourceTree = "<group>"; };
		23F44D0022E1A13500CEE70C /* DCFrameView.h */ = {isa = PBXFileReference; fileEncoding = 4; lastKnownFileType = sourcecode.c.h; path = DCFrameView.h; sourceTree = "<group>"; };
		23F44D0122E1A13500CEE70C /* DCCrossHairView.m */ = {isa = PBXFileReference; fileEncoding = 4; lastKnownFileType = sourcecode.c.objc; path = DCCrossHairView.m; sourceTree = "<group>"; };
		713875491EF2601E0093BE11 /* Demo-Prefix.pch */ = {isa = PBXFileReference; lastKnownFileType = sourcecode.c.h; path = "Demo-Prefix.pch"; sourceTree = "<group>"; };
		7138754B1EF2673D0093BE11 /* fontello.ttf */ = {isa = PBXFileReference; lastKnownFileType = file; path = fontello.ttf; sourceTree = "<group>"; };
		7138755A1EF28B880093BE11 /* iconfont.ttf */ = {isa = PBXFileReference; lastKnownFileType = file; path = iconfont.ttf; sourceTree = "<group>"; };
		71630ED11DF56585002F4D0A /* FRAnimation.app */ = {isa = PBXFileReference; explicitFileType = wrapper.application; includeInIndex = 0; path = FRAnimation.app; sourceTree = BUILT_PRODUCTS_DIR; };
		71630ED51DF56585002F4D0A /* main.m */ = {isa = PBXFileReference; lastKnownFileType = sourcecode.c.objc; path = main.m; sourceTree = "<group>"; };
		71630ED71DF56585002F4D0A /* AppDelegate.h */ = {isa = PBXFileReference; lastKnownFileType = sourcecode.c.h; path = AppDelegate.h; sourceTree = "<group>"; };
		71630ED81DF56585002F4D0A /* AppDelegate.m */ = {isa = PBXFileReference; lastKnownFileType = sourcecode.c.objc; path = AppDelegate.m; sourceTree = "<group>"; };
		71630EE01DF56586002F4D0A /* Assets.xcassets */ = {isa = PBXFileReference; lastKnownFileType = folder.assetcatalog; path = Assets.xcassets; sourceTree = "<group>"; };
		71630EE51DF56586002F4D0A /* Info.plist */ = {isa = PBXFileReference; lastKnownFileType = text.plist.xml; path = Info.plist; sourceTree = "<group>"; };
		71630EEA1DF56586002F4D0A /* FRAnimationTests.xctest */ = {isa = PBXFileReference; explicitFileType = wrapper.cfbundle; includeInIndex = 0; path = FRAnimationTests.xctest; sourceTree = BUILT_PRODUCTS_DIR; };
		71630EEE1DF56586002F4D0A /* AnimationDemoTests.m */ = {isa = PBXFileReference; lastKnownFileType = sourcecode.c.objc; path = AnimationDemoTests.m; sourceTree = "<group>"; };
		71630EF01DF56586002F4D0A /* Info.plist */ = {isa = PBXFileReference; lastKnownFileType = text.plist.xml; path = Info.plist; sourceTree = "<group>"; };
		71630EF51DF56586002F4D0A /* FRAnimationUITests.xctest */ = {isa = PBXFileReference; explicitFileType = wrapper.cfbundle; includeInIndex = 0; path = FRAnimationUITests.xctest; sourceTree = BUILT_PRODUCTS_DIR; };
		71630EF91DF56586002F4D0A /* AnimationDemoUITests.m */ = {isa = PBXFileReference; lastKnownFileType = sourcecode.c.objc; path = AnimationDemoUITests.m; sourceTree = "<group>"; };
		71630EFB1DF56586002F4D0A /* Info.plist */ = {isa = PBXFileReference; lastKnownFileType = text.plist.xml; path = Info.plist; sourceTree = "<group>"; };
		71973B681E458FD400C9D07A /* FRAnimation-Bridging-Header.h */ = {isa = PBXFileReference; lastKnownFileType = sourcecode.c.h; path = "FRAnimation-Bridging-Header.h"; sourceTree = "<group>"; };
		71DFB8A91E0D2DDB00DFAE63 /* MainViewController.h */ = {isa = PBXFileReference; fileEncoding = 4; lastKnownFileType = sourcecode.c.h; path = MainViewController.h; sourceTree = "<group>"; };
		71DFB8AA1E0D2DDB00DFAE63 /* MainViewController.m */ = {isa = PBXFileReference; fileEncoding = 4; lastKnownFileType = sourcecode.c.objc; path = MainViewController.m; sourceTree = "<group>"; };
		71DFB8AC1E0FB46700DFAE63 /* icon_balloon.png */ = {isa = PBXFileReference; lastKnownFileType = image.png; path = icon_balloon.png; sourceTree = "<group>"; };
		71DFB8E81E14B9E700DFAE63 /* next_bg.jpg */ = {isa = PBXFileReference; lastKnownFileType = image.jpeg; path = next_bg.jpg; sourceTree = "<group>"; };
		B023F51E20FE5740DD0999C1 /* Pods-FRAnimation.release.xcconfig */ = {isa = PBXFileReference; includeInIndex = 1; lastKnownFileType = text.xcconfig; name = "Pods-FRAnimation.release.xcconfig"; path = "../Pods/Target Support Files/Pods-FRAnimation/Pods-FRAnimation.release.xcconfig"; sourceTree = "<group>"; };
		C0B83E1A3C015D34DF2B0ADF /* libPods-FRAnimation.a */ = {isa = PBXFileReference; explicitFileType = archive.ar; includeInIndex = 0; path = "libPods-FRAnimation.a"; sourceTree = BUILT_PRODUCTS_DIR; };
		D37E81D0AC2EEBBA0D042A87 /* Pods-AnimationDemo.release.xcconfig */ = {isa = PBXFileReference; includeInIndex = 1; lastKnownFileType = text.xcconfig; name = "Pods-AnimationDemo.release.xcconfig"; path = "../Pods/Target Support Files/Pods-AnimationDemo/Pods-AnimationDemo.release.xcconfig"; sourceTree = "<group>"; };
/* End PBXFileReference section */

/* Begin PBXFrameworksBuildPhase section */
		71630ECE1DF56585002F4D0A /* Frameworks */ = {
			isa = PBXFrameworksBuildPhase;
			buildActionMask = 2147483647;
			files = (
				237552E620DDFBF10032607E /* Speech.framework in Frameworks */,
				DA4D234B4C2A1F21A7D2D4B4 /* libPods-FRAnimation.a in Frameworks */,
			);
			runOnlyForDeploymentPostprocessing = 0;
		};
		71630EE71DF56586002F4D0A /* Frameworks */ = {
			isa = PBXFrameworksBuildPhase;
			buildActionMask = 2147483647;
			files = (
			);
			runOnlyForDeploymentPostprocessing = 0;
		};
		71630EF21DF56586002F4D0A /* Frameworks */ = {
			isa = PBXFrameworksBuildPhase;
			buildActionMask = 2147483647;
			files = (
			);
			runOnlyForDeploymentPostprocessing = 0;
		};
/* End PBXFrameworksBuildPhase section */

/* Begin PBXGroup section */
		0D51DD4224446C1F00FE7BED /* Crop */ = {
			isa = PBXGroup;
			children = (
				0DD6B846243F1FDA00BA92EF /* AECropView.h */,
				0DD6B847243F1FDA00BA92EF /* AECropView.m */,
			);
			path = Crop;
			sourceTree = "<group>";
		};
		0D51DD4924447AE900FE7BED /* Helper */ = {
			isa = PBXGroup;
			children = (
				0DB167EF244D617000E1B3AF /* UIImage+FixOrientation.h */,
				0DB167EE244D617000E1B3AF /* UIImage+FixOrientation.m */,
				0D51DD4A24447B0B00FE7BED /* FRImageHelper.h */,
				0D51DD4B24447B0B00FE7BED /* FRImageHelper.m */,
			);
			path = Helper;
			sourceTree = "<group>";
		};
		0D6B1AEE2420C19F0096FB1E /* UI */ = {
			isa = PBXGroup;
			children = (
				0D6B1B132420C3C70096FB1E /* Logic */,
				0D6B1AEF2420C1AF0096FB1E /* Models */,
				236496C320AC28BC00502F74 /* Views */,
				71DFB8CA1E10C8E800DFAE63 /* Controllers */,
			);
			path = UI;
			sourceTree = "<group>";
		};
		0D6B1AEF2420C1AF0096FB1E /* Models */ = {
			isa = PBXGroup;
			children = (
				0D6B1B102420C3AF0096FB1E /* DownloadModel.h */,
				0D6B1B112420C3AF0096FB1E /* DownloadModel.m */,
			);
			path = Models;
			sourceTree = "<group>";
		};
		0D6B1B132420C3C70096FB1E /* Logic */ = {
			isa = PBXGroup;
			children = (
				0D6B1B152420C3ED0096FB1E /* DownloadManager.h */,
				0D6B1B162420C3ED0096FB1E /* DownloadManager.m */,
			);
			path = Logic;
			sourceTree = "<group>";
		};
		236496C320AC28BC00502F74 /* Views */ = {
			isa = PBXGroup;
			children = (
				0D51DD4224446C1F00FE7BED /* Crop */,
				236496C420AC298C00502F74 /* AMOrderContainerView.h */,
				236496C520AC298C00502F74 /* AMOrderContainerView.m */,
				236496C720AC29A400502F74 /* AMOrderItemView.h */,
				236496C820AC29A400502F74 /* AMOrderItemView.m */,
				239D85BD2154E69700BEA2F2 /* DragView.h */,
				239D85BE2154E69700BEA2F2 /* DragView.m */,
				0D6B1AE82420C1890096FB1E /* FRLoginButton.h */,
				0D6B1AEB2420C1890096FB1E /* FRLoginButton.m */,
				0D6B1AE92420C1890096FB1E /* FRTextField.h */,
				0D6B1AEA2420C1890096FB1E /* FRTextField.m */,
			);
			path = Views;
			sourceTree = "<group>";
		};
		23D38DF1211D76770032CA98 /* Weex */ = {
			isa = PBXGroup;
			children = (
				23F44CF122E05FA800CEE70C /* fuck_weex.js */,
			);
			name = Weex;
			sourceTree = "<group>";
		};
		23F44CF322E1A12000CEE70C /* Vender */ = {
			isa = PBXGroup;
			children = (
				23F44CF422E1A13500CEE70C /* DCIntrospect */,
				7138754E1EF275310093BE11 /* IconFont */,
			);
			name = Vender;
			path = Vendor;
			sourceTree = "<group>";
		};
		23F44CF422E1A13500CEE70C /* DCIntrospect */ = {
			isa = PBXGroup;
			children = (
				23F44CF522E1A13500CEE70C /* DCStatusBarOverlay.h */,
				23F44CF622E1A13500CEE70C /* DCFrameView.m */,
				23F44CF722E1A13500CEE70C /* DCTextView.m */,
				23F44CF822E1A13500CEE70C /* DCIntrospect.m */,
				23F44CF922E1A13500CEE70C /* DCIntrospectSettings.h */,
				23F44CFA22E1A13500CEE70C /* UIView+DCAdditions.h */,
				23F44CFB22E1A13500CEE70C /* DCCrossHairView.h */,
				23F44CFC22E1A13500CEE70C /* DCStatusBarOverlay.m */,
				23F44CFD22E1A13500CEE70C /* UIView+DCAdditions.m */,
				23F44CFE22E1A13500CEE70C /* DCIntrospect.h */,
				23F44CFF22E1A13500CEE70C /* DCTextView.h */,
				23F44D0022E1A13500CEE70C /* DCFrameView.h */,
				23F44D0122E1A13500CEE70C /* DCCrossHairView.m */,
			);
			path = DCIntrospect;
			sourceTree = "<group>";
		};
		2516032FBC4F492D5252FD16 /* Pods */ = {
			isa = PBXGroup;
			children = (
				234B705C465687C689077428 /* Pods-AnimationDemo.debug.xcconfig */,
				D37E81D0AC2EEBBA0D042A87 /* Pods-AnimationDemo.release.xcconfig */,
				1C88B88261FDCAA920D39E62 /* Pods-FRAnimation.debug.xcconfig */,
				B023F51E20FE5740DD0999C1 /* Pods-FRAnimation.release.xcconfig */,
			);
			name = Pods;
			sourceTree = "<group>";
		};
		7138754E1EF275310093BE11 /* IconFont */ = {
			isa = PBXGroup;
			children = (
				0D6B1AFF2420C2050096FB1E /* BiliIconConfig.h */,
				0D6B1B052420C2050096FB1E /* BiliIconFont.h */,
				0D6B1B012420C2050096FB1E /* BiliIconFont.m */,
				0D6B1B042420C2050096FB1E /* UIButton+BiliIconFont.h */,
				0D6B1B062420C2050096FB1E /* UIButton+BiliIconFont.m */,
				0D6B1B032420C2050096FB1E /* UIImage+BiliIconFont.h */,
				0D6B1AFC2420C2050096FB1E /* UIImage+BiliIconFont.m */,
				0D6B1AFE2420C2050096FB1E /* UIImageView+BiliIconFont.h */,
				0D6B1B002420C2050096FB1E /* UIImageView+BiliIconFont.m */,
				0D6B1B022420C2050096FB1E /* UILabel+BiliIconFont.h */,
				0D6B1AFD2420C2050096FB1E /* UILabel+BiliIconFont.m */,
			);
			path = IconFont;
			sourceTree = "<group>";
		};
		713BAF551ED2E5D3008789C7 /* Headers */ = {
			isa = PBXGroup;
			children = (
				0D6B1B0C2420C2E80096FB1E /* UIDefs.h */,
				0D6B1B0D2420C2E80096FB1E /* ViewControllers.h */,
			);
			path = Headers;
			sourceTree = "<group>";
		};
		71516C941E1630A2003DC670 /* Catagories */ = {
			isa = PBXGroup;
			children = (
				0D4ACE64243F12FE0048418E /* UIViewAdditions.h */,
				0D4ACE63243F12FE0048418E /* UIViewAdditions.m */,
				0D6B1AF52420C1E90096FB1E /* NSString+Extension.h */,
				0D6B1AF32420C1E90096FB1E /* NSString+Extension.m */,
				0D6B1AF02420C1E90096FB1E /* UIColor+Hex.h */,
				0D6B1AF12420C1E90096FB1E /* UIColor+Hex.m */,
				0D6B1AF22420C1E90096FB1E /* UIImage+Color.h */,
				0D6B1AF42420C1E90096FB1E /* UIImage+Color.m */,
				0D51DD462444775700FE7BED /* UITabBarController+Rotate.h */,
				0D51DD472444775700FE7BED /* UITabBarController+Rotate.m */,
			);
			path = Catagories;
			sourceTree = "<group>";
		};
		71630EC81DF56585002F4D0A = {
			isa = PBXGroup;
			children = (
				71630ED31DF56585002F4D0A /* FRAnimation */,
				71630EED1DF56586002F4D0A /* FRAnimationTests */,
				71630EF81DF56586002F4D0A /* FRAnimationUITests */,
				7B52045144EBAA536D642D59 /* Frameworks */,
				2516032FBC4F492D5252FD16 /* Pods */,
				71630ED21DF56585002F4D0A /* Products */,
			);
			sourceTree = "<group>";
		};
		71630ED21DF56585002F4D0A /* Products */ = {
			isa = PBXGroup;
			children = (
				71630ED11DF56585002F4D0A /* FRAnimation.app */,
				71630EEA1DF56586002F4D0A /* FRAnimationTests.xctest */,
				71630EF51DF56586002F4D0A /* FRAnimationUITests.xctest */,
			);
			name = Products;
			sourceTree = "<group>";
		};
		71630ED31DF56585002F4D0A /* FRAnimation */ = {
			isa = PBXGroup;
			children = (
				71630ED71DF56585002F4D0A /* AppDelegate.h */,
				71630ED81DF56585002F4D0A /* AppDelegate.m */,
				71516C941E1630A2003DC670 /* Catagories */,
				71DFB8EA1E14BC8E00DFAE63 /* Delegates */,
				713BAF551ED2E5D3008789C7 /* Headers */,
				0D51DD4924447AE900FE7BED /* Helper */,
				71630EE51DF56586002F4D0A /* Info.plist */,
				71DFB8A91E0D2DDB00DFAE63 /* MainViewController.h */,
				71DFB8AA1E0D2DDB00DFAE63 /* MainViewController.m */,
				7174C86B1E0A795E008D5887 /* Resources */,
				71630ED41DF56585002F4D0A /* Supporting Files */,
				0D6B1AEE2420C19F0096FB1E /* UI */,
				23F44CF322E1A12000CEE70C /* Vender */,
			);
			path = FRAnimation;
			sourceTree = "<group>";
		};
		71630ED41DF56585002F4D0A /* Supporting Files */ = {
			isa = PBXGroup;
			children = (
				713875491EF2601E0093BE11 /* Demo-Prefix.pch */,
				71973B681E458FD400C9D07A /* FRAnimation-Bridging-Header.h */,
				71630ED51DF56585002F4D0A /* main.m */,
			);
			name = "Supporting Files";
			sourceTree = "<group>";
		};
		71630EED1DF56586002F4D0A /* FRAnimationTests */ = {
			isa = PBXGroup;
			children = (
				71630EEE1DF56586002F4D0A /* AnimationDemoTests.m */,
				71630EF01DF56586002F4D0A /* Info.plist */,
			);
			path = FRAnimationTests;
			sourceTree = "<group>";
		};
		71630EF81DF56586002F4D0A /* FRAnimationUITests */ = {
			isa = PBXGroup;
			children = (
				71630EF91DF56586002F4D0A /* AnimationDemoUITests.m */,
				71630EFB1DF56586002F4D0A /* Info.plist */,
			);
			path = FRAnimationUITests;
			sourceTree = "<group>";
		};
		7174C86B1E0A795E008D5887 /* Resources */ = {
			isa = PBXGroup;
			children = (
				23D38DF1211D76770032CA98 /* Weex */,
				2371A45220E0D6A000624979 /* table_bg.png */,
				2371A45120E0D6A000624979 /* voice_indicator.json */,
				2371A45320E0D6A000624979 /* voice.json */,
				2371A44D20E08E4900624979 /* microphone.png */,
				2337DA6A1FB1E780008D480F /* bell2.json */,
				2337DA661FB1D690008D480F /* bell.json */,
				2337DA5C1FB1CBF1008D480F /* gears.json */,
				2337DA671FB1D6A3008D480F /* birth.json */,
				7138755A1EF28B880093BE11 /* iconfont.ttf */,
				7138754B1EF2673D0093BE11 /* fontello.ttf */,
				71630EE01DF56586002F4D0A /* Assets.xcassets */,
				71DFB8AC1E0FB46700DFAE63 /* icon_balloon.png */,
				71DFB8E81E14B9E700DFAE63 /* next_bg.jpg */,
			);
			path = Resources;
			sourceTree = "<group>";
		};
		71DFB8CA1E10C8E800DFAE63 /* Controllers */ = {
			isa = PBXGroup;
			children = (
				0D6B1ADA2420C15A0096FB1E /* ClockViewController.h */,
				0D6B1AD02420C15A0096FB1E /* ClockViewController.m */,
				0D6B1AD32420C15A0096FB1E /* DragableViewController.h */,
				0D6B1AD42420C15A0096FB1E /* DragableViewController.m */,
				0D6B1B0E2420C33F0096FB1E /* EmitterSnowController.swift */,
				0D6B1AD82420C15A0096FB1E /* IconFontViewController.h */,
				0D6B1AD12420C15A0096FB1E /* IconFontViewController.m */,
				0D6B1AD22420C15A0096FB1E /* LoggedInViewController.h */,
				0D6B1AD52420C15A0096FB1E /* LoggedInViewController.m */,
				0D6B1ADE2420C15A0096FB1E /* LoginViewController.h */,
				0D6B1ADC2420C15A0096FB1E /* LoginViewController.m */,
				0D6B1AD72420C15A0096FB1E /* LottieViewController.h */,
				0D6B1ADD2420C15A0096FB1E /* LottieViewController.m */,
				0D6B1AD92420C15A0096FB1E /* ScrollViewController.h */,
				0D6B1ADF2420C15A0096FB1E /* ScrollViewController.m */,
				0D6B1ADB2420C15A0096FB1E /* SpeechViewController.h */,
				0D6B1AD62420C15A0096FB1E /* SpeechViewController.m */,
				0D4ACE3B243F0B720048418E /* ExpressionCropViewController.h */,
				0D4ACE3C243F0B720048418E /* ExpressionCropViewController.m */,
				0DDFC43A2445A6C000D57263 /* ResultViewController.h */,
				0DDFC43B2445A6C000D57263 /* ResultViewController.m */,
				0D07F105247BEC0500CE577A /* OCTestViewController.h */,
				0D07F106247BEC0500CE577A /* OCTestViewController.m */,
			);
			path = Controllers;
			sourceTree = "<group>";
		};
		71DFB8EA1E14BC8E00DFAE63 /* Delegates */ = {
			isa = PBXGroup;
			children = (
				0D6B1AFA2420C1F20096FB1E /* LoginCustomTransition.h */,
				0D6B1AF92420C1F20096FB1E /* LoginCustomTransition.m */,
			);
			path = Delegates;
			sourceTree = "<group>";
		};
		7B52045144EBAA536D642D59 /* Frameworks */ = {
			isa = PBXGroup;
			children = (
				237552E520DDFBF10032607E /* Speech.framework */,
				C0B83E1A3C015D34DF2B0ADF /* libPods-FRAnimation.a */,
			);
			name = Frameworks;
			sourceTree = "<group>";
		};
/* End PBXGroup section */

/* Begin PBXNativeTarget section */
		71630ED01DF56585002F4D0A /* FRAnimation */ = {
			isa = PBXNativeTarget;
			buildConfigurationList = 71630EFE1DF56586002F4D0A /* Build configuration list for PBXNativeTarget "FRAnimation" */;
			buildPhases = (
				A51F389AF8145DC06D107F04 /* [CP] Check Pods Manifest.lock */,
				71630ECD1DF56585002F4D0A /* Sources */,
				71630ECE1DF56585002F4D0A /* Frameworks */,
				71630ECF1DF56585002F4D0A /* Resources */,
				2337DA611FB1D381008D480F /* Embed Frameworks */,
			);
			buildRules = (
			);
			dependencies = (
			);
			name = FRAnimation;
			productName = FRAnimation;
			productReference = 71630ED11DF56585002F4D0A /* FRAnimation.app */;
			productType = "com.apple.product-type.application";
		};
		71630EE91DF56586002F4D0A /* FRAnimationTests */ = {
			isa = PBXNativeTarget;
			buildConfigurationList = 71630F011DF56586002F4D0A /* Build configuration list for PBXNativeTarget "FRAnimationTests" */;
			buildPhases = (
				71630EE61DF56586002F4D0A /* Sources */,
				71630EE71DF56586002F4D0A /* Frameworks */,
				71630EE81DF56586002F4D0A /* Resources */,
			);
			buildRules = (
			);
			dependencies = (
				71630EEC1DF56586002F4D0A /* PBXTargetDependency */,
			);
			name = FRAnimationTests;
			productName = FRAnimationTests;
			productReference = 71630EEA1DF56586002F4D0A /* FRAnimationTests.xctest */;
			productType = "com.apple.product-type.bundle.unit-test";
		};
		71630EF41DF56586002F4D0A /* FRAnimationUITests */ = {
			isa = PBXNativeTarget;
			buildConfigurationList = 71630F041DF56586002F4D0A /* Build configuration list for PBXNativeTarget "FRAnimationUITests" */;
			buildPhases = (
				71630EF11DF56586002F4D0A /* Sources */,
				71630EF21DF56586002F4D0A /* Frameworks */,
				71630EF31DF56586002F4D0A /* Resources */,
			);
			buildRules = (
			);
			dependencies = (
				71630EF71DF56586002F4D0A /* PBXTargetDependency */,
			);
			name = FRAnimationUITests;
			productName = FRAnimationUITests;
			productReference = 71630EF51DF56586002F4D0A /* FRAnimationUITests.xctest */;
			productType = "com.apple.product-type.bundle.ui-testing";
		};
/* End PBXNativeTarget section */

/* Begin PBXProject section */
		71630EC91DF56585002F4D0A /* Project object */ = {
			isa = PBXProject;
			attributes = {
				LastUpgradeCheck = 0900;
				ORGANIZATIONNAME = "Ray Fong";
				TargetAttributes = {
					71630ED01DF56585002F4D0A = {
						CreatedOnToolsVersion = 8.1;
						DevelopmentTeam = AV8J5QKX6U;
						LastSwiftMigration = 0900;
						ProvisioningStyle = Automatic;
					};
					71630EE91DF56586002F4D0A = {
						CreatedOnToolsVersion = 8.1;
						DevelopmentTeam = PLNQ96T9E6;
						ProvisioningStyle = Automatic;
						TestTargetID = 71630ED01DF56585002F4D0A;
					};
					71630EF41DF56586002F4D0A = {
						CreatedOnToolsVersion = 8.1;
						DevelopmentTeam = PLNQ96T9E6;
						ProvisioningStyle = Automatic;
						TestTargetID = 71630ED01DF56585002F4D0A;
					};
				};
			};
			buildConfigurationList = 71630ECC1DF56585002F4D0A /* Build configuration list for PBXProject "FRAnimation" */;
			compatibilityVersion = "Xcode 3.2";
			developmentRegion = English;
			hasScannedForEncodings = 0;
			knownRegions = (
				English,
				en,
				Base,
			);
			mainGroup = 71630EC81DF56585002F4D0A;
			productRefGroup = 71630ED21DF56585002F4D0A /* Products */;
			projectDirPath = "";
			projectRoot = "";
			targets = (
				71630ED01DF56585002F4D0A /* FRAnimation */,
				71630EE91DF56586002F4D0A /* FRAnimationTests */,
				71630EF41DF56586002F4D0A /* FRAnimationUITests */,
			);
		};
/* End PBXProject section */

/* Begin PBXResourcesBuildPhase section */
		71630ECF1DF56585002F4D0A /* Resources */ = {
			isa = PBXResourcesBuildPhase;
			buildActionMask = 2147483647;
			files = (
				2337DA681FB1D847008D480F /* bell.json in Resources */,
				2337DA691FB1D847008D480F /* birth.json in Resources */,
				2371A45620E0D6A000624979 /* voice.json in Resources */,
				2371A44E20E08E4900624979 /* microphone.png in Resources */,
				2371A45520E0D6A000624979 /* table_bg.png in Resources */,
				2337DA651FB1D5BE008D480F /* gears.json in Resources */,
				7138755B1EF28B990093BE11 /* iconfont.ttf in Resources */,
				71630EE11DF56586002F4D0A /* Assets.xcassets in Resources */,
				23F44CF222E05FA900CEE70C /* fuck_weex.js in Resources */,
				2337DA6B1FB1E781008D480F /* bell2.json in Resources */,
				71DFB8E91E14B9E800DFAE63 /* next_bg.jpg in Resources */,
				2371A45420E0D6A000624979 /* voice_indicator.json in Resources */,
				71DFB8AE1E0FB46700DFAE63 /* icon_balloon.png in Resources */,
				7138754C1EF2673D0093BE11 /* fontello.ttf in Resources */,
			);
			runOnlyForDeploymentPostprocessing = 0;
		};
		71630EE81DF56586002F4D0A /* Resources */ = {
			isa = PBXResourcesBuildPhase;
			buildActionMask = 2147483647;
			files = (
			);
			runOnlyForDeploymentPostprocessing = 0;
		};
		71630EF31DF56586002F4D0A /* Resources */ = {
			isa = PBXResourcesBuildPhase;
			buildActionMask = 2147483647;
			files = (
			);
			runOnlyForDeploymentPostprocessing = 0;
		};
/* End PBXResourcesBuildPhase section */

/* Begin PBXShellScriptBuildPhase section */
		A51F389AF8145DC06D107F04 /* [CP] Check Pods Manifest.lock */ = {
			isa = PBXShellScriptBuildPhase;
			buildActionMask = 2147483647;
			files = (
			);
			inputPaths = (
				"${PODS_PODFILE_DIR_PATH}/Podfile.lock",
				"${PODS_ROOT}/Manifest.lock",
			);
			name = "[CP] Check Pods Manifest.lock";
			outputPaths = (
				"$(DERIVED_FILE_DIR)/Pods-FRAnimation-checkManifestLockResult.txt",
			);
			runOnlyForDeploymentPostprocessing = 0;
			shellPath = /bin/sh;
			shellScript = "diff \"${PODS_PODFILE_DIR_PATH}/Podfile.lock\" \"${PODS_ROOT}/Manifest.lock\" > /dev/null\nif [ $? != 0 ] ; then\n    # print error to STDERR\n    echo \"error: The sandbox is not in sync with the Podfile.lock. Run 'pod install' or update your CocoaPods installation.\" >&2\n    exit 1\nfi\n# This output is used by Xcode 'outputs' to avoid re-running this script phase.\necho \"SUCCESS\" > \"${SCRIPT_OUTPUT_FILE_0}\"\n";
			showEnvVarsInLog = 0;
		};
/* End PBXShellScriptBuildPhase section */

/* Begin PBXSourcesBuildPhase section */
		71630ECD1DF56585002F4D0A /* Sources */ = {
			isa = PBXSourcesBuildPhase;
			buildActionMask = 2147483647;
			files = (
				0D6B1AE52420C15A0096FB1E /* LoginViewController.m in Sources */,
				0DDFC43C2445A6C000D57263 /* ResultViewController.m in Sources */,
				236496C920AC29A400502F74 /* AMOrderItemView.m in Sources */,
				0D6B1AE32420C15A0096FB1E /* LoggedInViewController.m in Sources */,
				0D6B1AE62420C15A0096FB1E /* LottieViewController.m in Sources */,
				0D6B1AF82420C1E90096FB1E /* UIImage+Color.m in Sources */,
				0D6B1AE02420C15A0096FB1E /* ClockViewController.m in Sources */,
				0D6B1AF62420C1E90096FB1E /* UIColor+Hex.m in Sources */,
				0D6B1AE72420C15A0096FB1E /* ScrollViewController.m in Sources */,
				0D6B1B122420C3AF0096FB1E /* DownloadModel.m in Sources */,
				0D6B1AE12420C15A0096FB1E /* IconFontViewController.m in Sources */,
				23F44D0522E1A13500CEE70C /* DCStatusBarOverlay.m in Sources */,
				0D6B1B082420C2050096FB1E /* UILabel+BiliIconFont.m in Sources */,
				0D6B1B0A2420C2050096FB1E /* BiliIconFont.m in Sources */,
				71630ED91DF56585002F4D0A /* AppDelegate.m in Sources */,
				23F44D0422E1A13500CEE70C /* DCIntrospect.m in Sources */,
				0D6B1B072420C2050096FB1E /* UIImage+BiliIconFont.m in Sources */,
				71630ED61DF56585002F4D0A /* main.m in Sources */,
				71DFB8AB1E0D2DDB00DFAE63 /* MainViewController.m in Sources */,
				0D6B1AEC2420C1890096FB1E /* FRTextField.m in Sources */,
				0DB167F0244D617000E1B3AF /* UIImage+FixOrientation.m in Sources */,
				236496C620AC298C00502F74 /* AMOrderContainerView.m in Sources */,
				0D4ACE65243F12FE0048418E /* UIViewAdditions.m in Sources */,
				0D6B1AE42420C15A0096FB1E /* SpeechViewController.m in Sources */,
				239D85BF2154E69700BEA2F2 /* DragView.m in Sources */,
				0D51DD4C24447B0B00FE7BED /* FRImageHelper.m in Sources */,
				23F44D0222E1A13500CEE70C /* DCFrameView.m in Sources */,
				23F44D0622E1A13500CEE70C /* UIView+DCAdditions.m in Sources */,
				0D6B1AF72420C1E90096FB1E /* NSString+Extension.m in Sources */,
				23F44D0722E1A13500CEE70C /* DCCrossHairView.m in Sources */,
				0D6B1B092420C2050096FB1E /* UIImageView+BiliIconFont.m in Sources */,
				0D51DD482444775700FE7BED /* UITabBarController+Rotate.m in Sources */,
				0DD6B848243F1FDA00BA92EF /* AECropView.m in Sources */,
				0D6B1AE22420C15A0096FB1E /* DragableViewController.m in Sources */,
				0D6B1B0F2420C33F0096FB1E /* EmitterSnowController.swift in Sources */,
				0D6B1B0B2420C2050096FB1E /* UIButton+BiliIconFont.m in Sources */,
				0D6B1AED2420C1890096FB1E /* FRLoginButton.m in Sources */,
				0D4ACE3D243F0B720048418E /* ExpressionCropViewController.m in Sources */,
				0D6B1AFB2420C1F20096FB1E /* LoginCustomTransition.m in Sources */,
				23F44D0322E1A13500CEE70C /* DCTextView.m in Sources */,
				0D07F107247BEC0500CE577A /* OCTestViewController.m in Sources */,
				0D6B1B172420C3ED0096FB1E /* DownloadManager.m in Sources */,
			);
			runOnlyForDeploymentPostprocessing = 0;
		};
		71630EE61DF56586002F4D0A /* Sources */ = {
			isa = PBXSourcesBuildPhase;
			buildActionMask = 2147483647;
			files = (
				71630EEF1DF56586002F4D0A /* AnimationDemoTests.m in Sources */,
			);
			runOnlyForDeploymentPostprocessing = 0;
		};
		71630EF11DF56586002F4D0A /* Sources */ = {
			isa = PBXSourcesBuildPhase;
			buildActionMask = 2147483647;
			files = (
				71630EFA1DF56586002F4D0A /* AnimationDemoUITests.m in Sources */,
			);
			runOnlyForDeploymentPostprocessing = 0;
		};
/* End PBXSourcesBuildPhase section */

/* Begin PBXTargetDependency section */
		71630EEC1DF56586002F4D0A /* PBXTargetDependency */ = {
			isa = PBXTargetDependency;
			target = 71630ED01DF56585002F4D0A /* FRAnimation */;
			targetProxy = 71630EEB1DF56586002F4D0A /* PBXContainerItemProxy */;
		};
		71630EF71DF56586002F4D0A /* PBXTargetDependency */ = {
			isa = PBXTargetDependency;
			target = 71630ED01DF56585002F4D0A /* FRAnimation */;
			targetProxy = 71630EF61DF56586002F4D0A /* PBXContainerItemProxy */;
		};
/* End PBXTargetDependency section */

/* Begin XCBuildConfiguration section */
		71630EFC1DF56586002F4D0A /* Debug */ = {
			isa = XCBuildConfiguration;
			buildSettings = {
				ALWAYS_SEARCH_USER_PATHS = NO;
				CLANG_ANALYZER_NONNULL = YES;
				CLANG_CXX_LANGUAGE_STANDARD = "gnu++0x";
				CLANG_CXX_LIBRARY = "libc++";
				CLANG_ENABLE_MODULES = YES;
				CLANG_ENABLE_OBJC_ARC = YES;
				CLANG_WARN_BLOCK_CAPTURE_AUTORELEASING = YES;
				CLANG_WARN_BOOL_CONVERSION = YES;
				CLANG_WARN_COMMA = YES;
				CLANG_WARN_CONSTANT_CONVERSION = YES;
				CLANG_WARN_DIRECT_OBJC_ISA_USAGE = YES_ERROR;
				CLANG_WARN_DOCUMENTATION_COMMENTS = YES;
				CLANG_WARN_EMPTY_BODY = YES;
				CLANG_WARN_ENUM_CONVERSION = YES;
				CLANG_WARN_INFINITE_RECURSION = YES;
				CLANG_WARN_INT_CONVERSION = YES;
				CLANG_WARN_NON_LITERAL_NULL_CONVERSION = YES;
				CLANG_WARN_OBJC_LITERAL_CONVERSION = YES;
				CLANG_WARN_OBJC_ROOT_CLASS = YES_ERROR;
				CLANG_WARN_RANGE_LOOP_ANALYSIS = YES;
				CLANG_WARN_STRICT_PROTOTYPES = YES;
				CLANG_WARN_SUSPICIOUS_MOVE = YES;
				CLANG_WARN_SUSPICIOUS_MOVES = YES;
				CLANG_WARN_UNREACHABLE_CODE = YES;
				CLANG_WARN__DUPLICATE_METHOD_MATCH = YES;
				"CODE_SIGN_IDENTITY[sdk=iphoneos*]" = "iPhone Developer";
				COPY_PHASE_STRIP = NO;
				DEBUG_INFORMATION_FORMAT = dwarf;
				ENABLE_STRICT_OBJC_MSGSEND = YES;
				ENABLE_TESTABILITY = YES;
				GCC_C_LANGUAGE_STANDARD = gnu99;
				GCC_DYNAMIC_NO_PIC = NO;
				GCC_NO_COMMON_BLOCKS = YES;
				GCC_OPTIMIZATION_LEVEL = 0;
				GCC_PREPROCESSOR_DEFINITIONS = (
					"DEBUG=1",
					"$(inherited)",
				);
				GCC_WARN_64_TO_32_BIT_CONVERSION = YES;
				GCC_WARN_ABOUT_RETURN_TYPE = YES_ERROR;
				GCC_WARN_UNDECLARED_SELECTOR = YES;
				GCC_WARN_UNINITIALIZED_AUTOS = YES_AGGRESSIVE;
				GCC_WARN_UNUSED_FUNCTION = YES;
				GCC_WARN_UNUSED_VARIABLE = YES;
				IPHONEOS_DEPLOYMENT_TARGET = 10.1;
				MTL_ENABLE_DEBUG_INFO = YES;
				ONLY_ACTIVE_ARCH = YES;
				SDKROOT = iphoneos;
				TARGETED_DEVICE_FAMILY = "1,2";
			};
			name = Debug;
		};
		71630EFD1DF56586002F4D0A /* Release */ = {
			isa = XCBuildConfiguration;
			buildSettings = {
				ALWAYS_SEARCH_USER_PATHS = NO;
				CLANG_ANALYZER_NONNULL = YES;
				CLANG_CXX_LANGUAGE_STANDARD = "gnu++0x";
				CLANG_CXX_LIBRARY = "libc++";
				CLANG_ENABLE_MODULES = YES;
				CLANG_ENABLE_OBJC_ARC = YES;
				CLANG_WARN_BLOCK_CAPTURE_AUTORELEASING = YES;
				CLANG_WARN_BOOL_CONVERSION = YES;
				CLANG_WARN_COMMA = YES;
				CLANG_WARN_CONSTANT_CONVERSION = YES;
				CLANG_WARN_DIRECT_OBJC_ISA_USAGE = YES_ERROR;
				CLANG_WARN_DOCUMENTATION_COMMENTS = YES;
				CLANG_WARN_EMPTY_BODY = YES;
				CLANG_WARN_ENUM_CONVERSION = YES;
				CLANG_WARN_INFINITE_RECURSION = YES;
				CLANG_WARN_INT_CONVERSION = YES;
				CLANG_WARN_NON_LITERAL_NULL_CONVERSION = YES;
				CLANG_WARN_OBJC_LITERAL_CONVERSION = YES;
				CLANG_WARN_OBJC_ROOT_CLASS = YES_ERROR;
				CLANG_WARN_RANGE_LOOP_ANALYSIS = YES;
				CLANG_WARN_STRICT_PROTOTYPES = YES;
				CLANG_WARN_SUSPICIOUS_MOVE = YES;
				CLANG_WARN_SUSPICIOUS_MOVES = YES;
				CLANG_WARN_UNREACHABLE_CODE = YES;
				CLANG_WARN__DUPLICATE_METHOD_MATCH = YES;
				"CODE_SIGN_IDENTITY[sdk=iphoneos*]" = "iPhone Developer";
				COPY_PHASE_STRIP = NO;
				DEBUG_INFORMATION_FORMAT = "dwarf-with-dsym";
				ENABLE_NS_ASSERTIONS = NO;
				ENABLE_STRICT_OBJC_MSGSEND = YES;
				GCC_C_LANGUAGE_STANDARD = gnu99;
				GCC_NO_COMMON_BLOCKS = YES;
				GCC_WARN_64_TO_32_BIT_CONVERSION = YES;
				GCC_WARN_ABOUT_RETURN_TYPE = YES_ERROR;
				GCC_WARN_UNDECLARED_SELECTOR = YES;
				GCC_WARN_UNINITIALIZED_AUTOS = YES_AGGRESSIVE;
				GCC_WARN_UNUSED_FUNCTION = YES;
				GCC_WARN_UNUSED_VARIABLE = YES;
				IPHONEOS_DEPLOYMENT_TARGET = 10.1;
				MTL_ENABLE_DEBUG_INFO = NO;
				SDKROOT = iphoneos;
				SWIFT_OPTIMIZATION_LEVEL = "-Owholemodule";
				TARGETED_DEVICE_FAMILY = "1,2";
				VALIDATE_PRODUCT = YES;
			};
			name = Release;
		};
		71630EFF1DF56586002F4D0A /* Debug */ = {
			isa = XCBuildConfiguration;
			baseConfigurationReference = 1C88B88261FDCAA920D39E62 /* Pods-FRAnimation.debug.xcconfig */;
			buildSettings = {
				ASSETCATALOG_COMPILER_APPICON_NAME = AppIcon;
				ASSETCATALOG_COMPILER_LAUNCHIMAGE_NAME = LaunchImage;
				CLANG_ENABLE_MODULES = YES;
				CODE_SIGN_IDENTITY = "iPhone Developer";
				CODE_SIGN_STYLE = Automatic;
				DEFINES_MODULE = YES;
				DEVELOPMENT_TEAM = AV8J5QKX6U;
				GCC_PREFIX_HEADER = "$(SRCROOT)/$(PROJECT_NAME)/Demo-Prefix.pch";
				INFOPLIST_FILE = FRAnimation/Info.plist;
				IPHONEOS_DEPLOYMENT_TARGET = 8.0;
				LD_RUNPATH_SEARCH_PATHS = "$(inherited) @executable_path/Frameworks";
				PRODUCT_BUNDLE_IDENTIFIER = cc.fangr.FRAnimation.xyz;
				PRODUCT_NAME = "$(TARGET_NAME)";
				PROVISIONING_PROFILE_SPECIFIER = "";
				SWIFT_OBJC_BRIDGING_HEADER = "$(SRCROOT)/$(PROJECT_NAME)/FRAnimation-Bridging-Header.h";
				SWIFT_OPTIMIZATION_LEVEL = "-Onone";
				SWIFT_SWIFT3_OBJC_INFERENCE = Off;
				SWIFT_VERSION = 4.0;
				TARGETED_DEVICE_FAMILY = "1,2";
			};
			name = Debug;
		};
		71630F001DF56586002F4D0A /* Release */ = {
			isa = XCBuildConfiguration;
			baseConfigurationReference = B023F51E20FE5740DD0999C1 /* Pods-FRAnimation.release.xcconfig */;
			buildSettings = {
				ASSETCATALOG_COMPILER_APPICON_NAME = AppIcon;
				ASSETCATALOG_COMPILER_LAUNCHIMAGE_NAME = LaunchImage;
				CLANG_ENABLE_MODULES = YES;
				CODE_SIGN_IDENTITY = "iPhone Developer";
				CODE_SIGN_STYLE = Automatic;
				DEFINES_MODULE = YES;
				DEVELOPMENT_TEAM = AV8J5QKX6U;
				GCC_PREFIX_HEADER = "$(SRCROOT)/$(PROJECT_NAME)/Demo-Prefix.pch";
				INFOPLIST_FILE = FRAnimation/Info.plist;
				IPHONEOS_DEPLOYMENT_TARGET = 8.0;
				LD_RUNPATH_SEARCH_PATHS = "$(inherited) @executable_path/Frameworks";
				PRODUCT_BUNDLE_IDENTIFIER = cc.fangr.FRAnimation.0317;
				PRODUCT_NAME = "$(TARGET_NAME)";
				PROVISIONING_PROFILE_SPECIFIER = "";
				SWIFT_OBJC_BRIDGING_HEADER = "$(SRCROOT)/$(PROJECT_NAME)/FRAnimation-Bridging-Header.h";
				SWIFT_SWIFT3_OBJC_INFERENCE = Off;
				SWIFT_VERSION = 4.0;
				TARGETED_DEVICE_FAMILY = "1,2";
			};
			name = Release;
		};
		71630F021DF56586002F4D0A /* Debug */ = {
			isa = XCBuildConfiguration;
			buildSettings = {
				ALWAYS_EMBED_SWIFT_STANDARD_LIBRARIES = YES;
				BUNDLE_LOADER = "$(TEST_HOST)";
				DEVELOPMENT_TEAM = PLNQ96T9E6;
				INFOPLIST_FILE = FRAnimationTests/Info.plist;
				LD_RUNPATH_SEARCH_PATHS = "$(inherited) @executable_path/Frameworks @loader_path/Frameworks";
				PRODUCT_BUNDLE_IDENTIFIER = com.bilibili.FRAnimationTests;
				PRODUCT_NAME = "$(TARGET_NAME)";
				TEST_HOST = "$(BUILT_PRODUCTS_DIR)/FRAnimation.app/FRAnimation";
			};
			name = Debug;
		};
		71630F031DF56586002F4D0A /* Release */ = {
			isa = XCBuildConfiguration;
			buildSettings = {
				ALWAYS_EMBED_SWIFT_STANDARD_LIBRARIES = YES;
				BUNDLE_LOADER = "$(TEST_HOST)";
				DEVELOPMENT_TEAM = PLNQ96T9E6;
				INFOPLIST_FILE = FRAnimationTests/Info.plist;
				LD_RUNPATH_SEARCH_PATHS = "$(inherited) @executable_path/Frameworks @loader_path/Frameworks";
				PRODUCT_BUNDLE_IDENTIFIER = com.bilibili.FRAnimationTests;
				PRODUCT_NAME = "$(TARGET_NAME)";
				TEST_HOST = "$(BUILT_PRODUCTS_DIR)/FRAnimation.app/FRAnimation";
			};
			name = Release;
		};
		71630F051DF56586002F4D0A /* Debug */ = {
			isa = XCBuildConfiguration;
			buildSettings = {
				ALWAYS_EMBED_SWIFT_STANDARD_LIBRARIES = YES;
				DEVELOPMENT_TEAM = PLNQ96T9E6;
				INFOPLIST_FILE = FRAnimationUITests/Info.plist;
				LD_RUNPATH_SEARCH_PATHS = "$(inherited) @executable_path/Frameworks @loader_path/Frameworks";
				PRODUCT_BUNDLE_IDENTIFIER = com.bilibili.FRAnimationUITests;
				PRODUCT_NAME = "$(TARGET_NAME)";
				TEST_TARGET_NAME = FRAnimation;
			};
			name = Debug;
		};
		71630F061DF56586002F4D0A /* Release */ = {
			isa = XCBuildConfiguration;
			buildSettings = {
				ALWAYS_EMBED_SWIFT_STANDARD_LIBRARIES = YES;
				DEVELOPMENT_TEAM = PLNQ96T9E6;
				INFOPLIST_FILE = FRAnimationUITests/Info.plist;
				LD_RUNPATH_SEARCH_PATHS = "$(inherited) @executable_path/Frameworks @loader_path/Frameworks";
				PRODUCT_BUNDLE_IDENTIFIER = com.bilibili.FRAnimationUITests;
				PRODUCT_NAME = "$(TARGET_NAME)";
				TEST_TARGET_NAME = FRAnimation;
			};
			name = Release;
		};
/* End XCBuildConfiguration section */

/* Begin XCConfigurationList section */
		71630ECC1DF56585002F4D0A /* Build configuration list for PBXProject "FRAnimation" */ = {
			isa = XCConfigurationList;
			buildConfigurations = (
				71630EFC1DF56586002F4D0A /* Debug */,
				71630EFD1DF56586002F4D0A /* Release */,
			);
			defaultConfigurationIsVisible = 0;
			defaultConfigurationName = Release;
		};
		71630EFE1DF56586002F4D0A /* Build configuration list for PBXNativeTarget "FRAnimation" */ = {
			isa = XCConfigurationList;
			buildConfigurations = (
				71630EFF1DF56586002F4D0A /* Debug */,
				71630F001DF56586002F4D0A /* Release */,
			);
			defaultConfigurationIsVisible = 0;
			defaultConfigurationName = Release;
		};
		71630F011DF56586002F4D0A /* Build configuration list for PBXNativeTarget "FRAnimationTests" */ = {
			isa = XCConfigurationList;
			buildConfigurations = (
				71630F021DF56586002F4D0A /* Debug */,
				71630F031DF56586002F4D0A /* Release */,
			);
			defaultConfigurationIsVisible = 0;
			defaultConfigurationName = Release;
		};
		71630F041DF56586002F4D0A /* Build configuration list for PBXNativeTarget "FRAnimationUITests" */ = {
			isa = XCConfigurationList;
			buildConfigurations = (
				71630F051DF56586002F4D0A /* Debug */,
				71630F061DF56586002F4D0A /* Release */,
			);
			defaultConfigurationIsVisible = 0;
			defaultConfigurationName = Release;
		};
/* End XCConfigurationList section */
	};
	rootObject = 71630EC91DF56585002F4D0A /* Project object */;
}
